{"format_version":"1.0","provider_schemas":{"registry.terraform.io/equinix/equinix":{"provider":{"version":0,"block":{"attributes":{"auth_token":{"type":"string","description":"The Equinix Metal API auth key for API operations","description_kind":"plain","optional":true},"client_id":{"type":"string","description":"API Consumer Key available under My Apps section in developer portal","description_kind":"plain","optional":true},"client_secret":{"type":"string","description":"API Consumer secret available under My Apps section in developer portal","description_kind":"plain","optional":true},"endpoint":{"type":"string","description":"The Equinix API base URL to point out desired environment. Defaults to https://api.equinix.com","description_kind":"plain","optional":true},"max_retries":{"type":"number","description_kind":"plain","optional":true},"max_retry_wait_seconds":{"type":"number","description_kind":"plain","optional":true},"request_timeout":{"type":"number","description":"The duration of time, in seconds, that the Equinix Platform API Client should wait before canceling an API request.  Defaults to 30","description_kind":"plain","optional":true},"response_max_page_size":{"type":"number","description":"The maximum number of records in a single response for REST queries that produce paginated responses","description_kind":"plain","optional":true},"token":{"type":"string","description":"API token from the developer sandbox","description_kind":"plain","optional":true}},"description_kind":"plain"}},"resource_schemas":{"equinix_ecx_l2_connection":{"version":0,"block":{"attributes":{"actions":{"type":["set",["object",{"message":"string","operation_id":"string","required_data":["set",["object",{"editable":"bool","key":"string","label":"string","validation_pattern":"string","value":"string"}]],"type":"string"}]],"description":"One or more pending actions to complete connection provisioning","description_kind":"plain","computed":true},"authorization_key":{"type":"string","description":"Text field used to authorize connection on the provider side. Value depends on a provider service profile used for connection","description_kind":"plain","optional":true,"computed":true},"device_interface_id":{"type":"number","description":"Identifier of network interface on a given device, used for a connection. If not specified then first available interface will be selected","description_kind":"plain","optional":true},"device_uuid":{"type":"string","description":"Unique identifier of the Network Edge virtual device from which the connection would originate","description_kind":"plain","optional":true},"id":{"type":"string","description_kind":"plain","optional":true,"computed":true},"name":{"type":"string","description":"Connection name. An alpha-numeric 24 characters string which can include only hyphens and underscores","description_kind":"plain","required":true},"named_tag":{"type":"string","description":"The type of peering to set up in case when connecting to Azure Express Route. One of PRIVATE, MICROSOFT, MANUAL, PUBLIC (MANUAL and PUBLIC are deprecated and not available for new connections)","description_kind":"plain","optional":true},"notifications":{"type":["set","string"],"description":"A list of email addresses used for sending connection update notifications","description_kind":"plain","required":true},"port_uuid":{"type":"string","description":"Unique identifier of the buyer's port from which the connection would originate","description_kind":"plain","optional":true,"computed":true},"profile_uuid":{"type":"string","description":"Unique identifier of the service provider's service profile","description_kind":"plain","optional":true,"computed":true},"provider_status":{"type":"string","description":"Connection provisioning status on service provider's side","description_kind":"plain","computed":true},"purchase_order_number":{"type":"string","description":"Connection's purchase order number to reflect on the invoice","description_kind":"plain","optional":true},"redundancy_group":{"type":"string","description":"Unique identifier of group containing a primary and secondary connection","description_kind":"plain","computed":true},"redundancy_type":{"type":"string","description":"Connection redundancy type, applicable for HA connections. Either primary or secondary","description_kind":"plain","computed":true},"redundant_uuid":{"type":"string","description":"Unique identifier of the redundant connection, applicable for HA connections","description_kind":"plain","computed":true},"seller_metro_code":{"type":"string","description":"The metro code that denotes the connection's remote side (z-side)","description_kind":"plain","optional":true,"computed":true},"seller_region":{"type":"string","description":"The region in which the seller port resides","description_kind":"plain","optional":true},"service_token":{"type":"string","description":"Unique Equinix Fabric key given by a provider that grants you authorization to enable connectivity from a shared multi-tenant port (a-side)","description_kind":"plain","optional":true},"speed":{"type":"number","description":"Speed/Bandwidth to be allocated to the connection","description_kind":"plain","required":true},"speed_unit":{"type":"string","description":"Unit of the speed/bandwidth to be allocated to the connection","description_kind":"plain","required":true},"status":{"type":"string","description":"Connection provisioning status on Equinix Fabric side","description_kind":"plain","computed":true},"uuid":{"type":"string","description":"Unique identifier of the connection","description_kind":"plain","computed":true},"vendor_token":{"type":"string","description":"The Equinix Fabric Token the connection was created with. Applicable if the connection was created with a ServiceToken (a-side) or ZSideServiceToken (z-side)","description_kind":"plain","computed":true},"vlan_ctag":{"type":"number","description":"C-Tag/Inner-Tag of the connection, a numeric character ranging from 2 - 4094","description_kind":"plain","optional":true},"vlan_stag":{"type":"number","description":"S-Tag/Outer-Tag of the connection, a numeric character ranging from 2 - 4094","description_kind":"plain","optional":true,"computed":true},"zside_port_uuid":{"type":"string","description":"Unique identifier of the port on the remote side (z-side)","description_kind":"plain","optional":true,"computed":true},"zside_service_token":{"type":"string","description":"Unique Equinix Fabric key given by a provider that grants you authorization to enable connectivity to a shared multi-tenant port (z-side)","description_kind":"plain","optional":true},"zside_vlan_ctag":{"type":"number","description":"C-Tag/Inner-Tag of the connection on the remote side (z-side)","description_kind":"plain","optional":true,"computed":true},"zside_vlan_stag":{"type":"number","description":"S-Tag/Outer-Tag of the connection on the remote side (z-side)","description_kind":"plain","optional":true,"computed":true}},"block_types":{"additional_info":{"nesting_mode":"set","block":{"attributes":{"name":{"type":"string","description":"Additional information key","description_kind":"plain","required":true},"value":{"type":"string","description":"Additional information value","description_kind":"plain","required":true}},"description":"One or more additional information key-value objects","description_kind":"plain"}},"secondary_connection":{"nesting_mode":"list","block":{"attributes":{"actions":{"type":["set",["object",{"message":"string","operation_id":"string","required_data":["set",["object",{"editable":"bool","key":"string","label":"string","validation_pattern":"string","value":"string"}]],"type":"string"}]],"description":"One or more pending actions to complete connection provisioning","description_kind":"plain","computed":true},"authorization_key":{"type":"string","description":"Text field used to authorize connection on the provider side. Value depends on a provider service profile used for connection","description_kind":"plain","optional":true,"computed":true},"device_interface_id":{"type":"number","description":"Identifier of network interface on a given device, used for a connection. If not specified then first available interface will be selected","description_kind":"plain","optional":true,"computed":true},"device_uuid":{"type":"string","description":"Unique identifier of the Network Edge virtual device from which the connection would originate","description_kind":"plain","optional":true},"name":{"type":"string","description":"Connection name. An alpha-numeric 24 characters string which can include only hyphens and underscores","description_kind":"plain","required":true},"port_uuid":{"type":"string","description":"Unique identifier of the buyer's port from which the connection would originate","description_kind":"plain","optional":true,"computed":true},"profile_uuid":{"type":"string","description":"Unique identifier of the service provider's service profile","description_kind":"plain","optional":true,"computed":true},"provider_status":{"type":"string","description":"Connection provisioning status on service provider's side","description_kind":"plain","computed":true},"redundancy_group":{"type":"string","description":"Unique identifier of group containing a primary and secondary connection","description_kind":"plain","computed":true},"redundancy_type":{"type":"string","description":"Connection redundancy type, applicable for HA connections. Either primary or secondary","description_kind":"plain","computed":true},"redundant_uuid":{"type":"string","description":"Unique identifier of the redundant connection, applicable for HA connections","description_kind":"plain","deprecated":true,"computed":true},"seller_metro_code":{"type":"string","description":"The metro code that denotes the connection's remote side (z-side)","description_kind":"plain","optional":true,"computed":true},"seller_region":{"type":"string","description":"The region in which the seller port resides","description_kind":"plain","optional":true,"computed":true},"service_token":{"type":"string","description":"Unique Equinix Fabric key given by a provider that grants you authorization to enable connectivity from a shared multi-tenant port (a-side)","description_kind":"plain","optional":true},"speed":{"type":"number","description":"Speed/Bandwidth to be allocated to the connection","description_kind":"plain","optional":true,"computed":true},"speed_unit":{"type":"string","description":"Unit of the speed/bandwidth to be allocated to the connection","description_kind":"plain","optional":true,"computed":true},"status":{"type":"string","description":"Connection provisioning status on Equinix Fabric side","description_kind":"plain","computed":true},"uuid":{"type":"string","description":"Unique identifier of the connection","description_kind":"plain","computed":true},"vendor_token":{"type":"string","description":"The Equinix Fabric Token the connection was created with. Applicable if the connection was created with a ServiceToken (a-side) or ZSideServiceToken (z-side)","description_kind":"plain","computed":true},"vlan_ctag":{"type":"number","description":"C-Tag/Inner-Tag of the connection, a numeric character ranging from 2 - 4094","description_kind":"plain","optional":true},"vlan_stag":{"type":"number","description":"S-Tag/Outer-Tag of the connection, a numeric character ranging from 2 - 4094","description_kind":"plain","optional":true,"computed":true},"zside_port_uuid":{"type":"string","description":"Unique identifier of the port on the remote side (z-side)","description_kind":"plain","computed":true},"zside_vlan_ctag":{"type":"number","description":"C-Tag/Inner-Tag of the connection on the remote side (z-side)","description_kind":"plain","computed":true},"zside_vlan_stag":{"type":"number","description":"S-Tag/Outer-Tag of the connection on the remote side (z-side)","description_kind":"plain","computed":true}},"description":"Definition of secondary connection for redundant, HA connectivity","description_kind":"plain"},"max_items":1},"timeouts":{"nesting_mode":"single","block":{"attributes":{"create":{"type":"string","description_kind":"plain","optional":true},"delete":{"type":"string","description_kind":"plain","optional":true}},"description_kind":"plain"}}},"description":"Resource allows creation and management of Equinix Fabric\tlayer 2 connections","description_kind":"plain"}},"equinix_ecx_l2_connection_accepter":{"version":0,"block":{"attributes":{"access_key":{"type":"string","description":"Access Key used to accept connection on provider side","description_kind":"plain","optional":true,"computed":true,"sensitive":true},"aws_connection_id":{"type":"string","description":"Identifier of a hosted Direct Connect connection on AWS side, applicable for accepter resource with connections to AWS only","description_kind":"plain","computed":true},"aws_profile":{"type":"string","description":"AWS Profile Name for retrieving credentials from shared credentials file","description_kind":"plain","optional":true},"connection_id":{"type":"string","description":"Identifier of layer 2 connection that will be accepted","description_kind":"plain","required":true},"id":{"type":"string","description_kind":"plain","optional":true,"computed":true},"secret_key":{"type":"string","description":"Secret Key used to accept connection on provider side","description_kind":"plain","optional":true,"computed":true,"sensitive":true}},"block_types":{"timeouts":{"nesting_mode":"single","block":{"attributes":{"create":{"type":"string","description_kind":"plain","optional":true}},"description_kind":"plain"}}},"description":"Resource is used to accept Equinix Fabric layer 2 connection on provider side","description_kind":"plain","deprecated":true}},"equinix_ecx_l2_serviceprofile":{"version":0,"block":{"attributes":{"api_integration":{"type":"bool","description":"Specifies the API integration ID that was provided to the customer during onboarding","description_kind":"plain","optional":true},"authkey_label":{"type":"string","description":"Name of the authentication key label to be used by the Authentication Key service","description_kind":"plain","optional":true},"bandwidth_alert_threshold":{"type":"number","description":"Specifies the port bandwidth threshold percentage. If the bandwidth limit is met or exceeded, an alert is sent to the seller","description_kind":"plain","optional":true},"bandwidth_threshold_notifications":{"type":["set","string"],"description":"A list of email addresses that will receive notifications about bandwidth thresholds","description_kind":"plain","required":true},"connection_name_label":{"type":"string","description":"Custom name used for calling a connections i.e. circuit. Defaults to Connection","description_kind":"plain","optional":true},"ctag_label":{"type":"string","description":"C-Tag/Inner-Tag label name for the connections","description_kind":"plain","optional":true},"description":{"type":"string","description":"Description of the service profile","description_kind":"plain","optional":true},"equinix_managed_port_vlan":{"type":"bool","description":"Boolean value that indicates whether the port and VLAN details are managed by Equinix","description_kind":"plain","optional":true},"id":{"type":"string","description_kind":"plain","optional":true,"computed":true},"integration_id":{"type":"string","description":"Specifies the API integration ID that was provided to the customer during onboarding","description_kind":"plain","optional":true},"name":{"type":"string","description":"Name of the service profile. An alpha-numeric 50 characters string which can include only hyphens and underscores","description_kind":"plain","required":true},"oversubscription":{"type":"string","description":"Oversubscription limit that will cause alerting. Default is 1x","description_kind":"plain","optional":true},"oversubscription_allowed":{"type":"bool","description":"Boolean value that determines if, regardless of the utilization, Equinix Fabric will continue to add connections to your links until we reach the oversubscription limit","description_kind":"plain","optional":true},"private":{"type":"bool","description":"Boolean value that indicates whether or not this is a private profile.","description_kind":"plain","optional":true},"private_user_emails":{"type":["set","string"],"description":"A list of email addresses associated to users that will be allowed to access this service profile. Applicable for private profiles","description_kind":"plain","optional":true},"profile_statuschange_notifications":{"type":["set","string"],"description":"A list of email addresses that will receive notifications about profile status changes","description_kind":"plain","required":true},"redundancy_required":{"type":"bool","description":"Boolean value that determines if yourconnections will require redundancy","description_kind":"plain","optional":true},"secondary_vlan_from_primary":{"type":"bool","description":"Indicates whether the VLAN ID of the secondary connection is the same as the primary connection","description_kind":"plain","optional":true},"servicekey_autogenerated":{"type":"bool","description":"Boolean value that indicates whether multiple connections can be created with the same authorization key","description_kind":"plain","optional":true},"speed_customization_allowed":{"type":"bool","description":"Boolean value that determines if customer is allowed to enter a custom connection speed","description_kind":"plain","optional":true},"speed_from_api":{"type":"bool","description":"Boolean valuta that determines if connection speed will be derived from an API call","description_kind":"plain","optional":true},"state":{"type":"string","description":"Service profile provisioning status","description_kind":"plain","computed":true},"tag_type":{"type":"string","description":"Specifies additional tagging information required by the seller profile for Dot1Q to QinQ translation","description_kind":"plain","optional":true},"uuid":{"type":"string","description":"Unique identifier of the service profile","description_kind":"plain","computed":true},"vc_statuschange_notifications":{"type":["set","string"],"description":"A list of email addresses that will receive notifications about connections approvals and rejections","description_kind":"plain","required":true}},"block_types":{"features":{"nesting_mode":"set","block":{"attributes":{"allow_remote_connections":{"type":"bool","description":"Indicates whether or not connections to this profile can be created from remote metro locations","description_kind":"plain","required":true},"test_profile":{"type":"bool","description":"Indicates whether or not this profile can be used for test connections","description_kind":"plain","deprecated":true,"optional":true}},"description":"Block of profile features configuration","description_kind":"plain"},"min_items":1,"max_items":1},"port":{"nesting_mode":"set","block":{"attributes":{"metro_code":{"type":"string","description":"Port location metro code","description_kind":"plain","required":true},"uuid":{"type":"string","description":"Unique identifier of the port","description_kind":"plain","required":true}},"description":"One or more definitions of ports associated with the profile","description_kind":"plain"},"min_items":1},"speed_band":{"nesting_mode":"set","block":{"attributes":{"speed":{"type":"number","description":"Speed/bandwidth supported by given service profile","description_kind":"plain","required":true},"speed_unit":{"type":"string","description":"Unit of the speed/bandwidth supported by given service profile","description_kind":"plain","required":true}},"description":"One or more definitions of supported speed/bandwidth configurations","description_kind":"plain"}}},"description_kind":"plain"}},"equinix_fabric_connection":{"version":0,"block":{"attributes":{"account":{"type":["set",["object",{"account_name":"string","account_number":"number","global_cust_id":"string","global_org_id":"string","global_organization_name":"string","org_id":"number","organization_name":"string"}]],"description":"Customer account information that is associated with this connection","description_kind":"plain","computed":true},"bandwidth":{"type":"number","description":"Connection bandwidth in Mbps","description_kind":"plain","required":true},"change_log":{"type":["set",["object",{"created_by":"string","created_by_email":"string","created_by_full_name":"string","created_date_time":"string","deleted_by":"string","deleted_by_email":"string","deleted_by_full_name":"string","deleted_date_time":"string","updated_by":"string","updated_by_email":"string","updated_by_full_name":"string","updated_date_time":"string"}]],"description":"Captures connection lifecycle change information","description_kind":"plain","computed":true},"direction":{"type":"string","description":"Connection directionality from the requester point of view","description_kind":"plain","computed":true},"href":{"type":"string","description":"Connection URI information","description_kind":"plain","computed":true},"id":{"type":"string","description_kind":"plain","optional":true,"computed":true},"is_remote":{"type":"bool","description":"Connection property derived from access point locations","description_kind":"plain","computed":true},"name":{"type":"string","description":"Connection name. An alpha-numeric 24 characters string which can include only hyphens and underscores","description_kind":"plain","required":true},"operation":{"type":["set",["object",{"equinix_status":"string","errors":["list",["object",{"additional_info":["list",["object",{"property":"string","reason":"string"}]],"correlation_id":"string","details":"string","error_code":"string","error_message":"string","help":"string"}]],"provider_status":"string"}]],"description":"Connection type-specific operational data","description_kind":"plain","computed":true},"state":{"type":"string","description":"Connection overall state","description_kind":"plain","computed":true},"type":{"type":"string","description":"Defines the connection type like VG_VC, EVPL_VC, EPL_VC, EC_VC, GW_VC, ACCESS_EPL_VC","description_kind":"plain","required":true}},"block_types":{"a_side":{"nesting_mode":"set","block":{"block_types":{"access_point":{"nesting_mode":"set","block":{"attributes":{"account":{"type":["set",["object",{"account_name":"string","account_number":"number","global_cust_id":"string","global_org_id":"string","global_organization_name":"string","org_id":"number","organization_name":"string"}]],"description":"Account","description_kind":"plain","computed":true},"authentication_key":{"type":"string","description":"Authentication key for provider based connections","description_kind":"plain","optional":true},"peering_type":{"type":"string","description":"Peering Type- PRIVATE,MICROSOFT,PUBLIC, MANUAL","description_kind":"plain","optional":true},"provider_connection_id":{"type":"string","description":"Provider assigned Connection Id","description_kind":"plain","optional":true},"seller_region":{"type":"string","description":"Access point seller region","description_kind":"plain","optional":true},"type":{"type":"string","description":"Access point type - COLO, VD, VG, SP, IGW, SUBNET, GW","description_kind":"plain","optional":true}},"block_types":{"gateway":{"nesting_mode":"set","block":{"attributes":{"href":{"type":"string","description":"Unique Resource Identifier","description_kind":"plain","computed":true},"uuid":{"type":"string","description":"Equinix-assigned virtual gateway identifier","description_kind":"plain","optional":true}},"description":"Gateway access point information","description_kind":"plain"}},"interface":{"nesting_mode":"set","block":{"attributes":{"id":{"type":"string","description":"id","description_kind":"plain","computed":true},"type":{"type":"string","description":"Interface type","description_kind":"plain","optional":true},"uuid":{"type":"string","description":"Equinix-assigned interface identifier","description_kind":"plain","optional":true}},"description":"Virtual device interface","description_kind":"plain"}},"link_protocol":{"nesting_mode":"set","block":{"attributes":{"type":{"type":"string","description":"Type of the link protocol - UNTAGGED, DOT1Q, QINQ, EVPN_VXLAN","description_kind":"plain","optional":true},"vlan_c_tag":{"type":"number","description":"Vlan Customer Tag information, vlanCTag value specified for QINQ connections","description_kind":"plain","optional":true,"computed":true},"vlan_s_tag":{"type":"number","description":"Vlan Provider Tag information, vlanSTag value specified for QINQ connections","description_kind":"plain","optional":true,"computed":true},"vlan_tag":{"type":"number","description":"Vlan Tag information, vlanTag value specified for DOT1Q connections","description_kind":"plain","optional":true,"computed":true}},"description":"Connection link protocol","description_kind":"plain"}},"location":{"nesting_mode":"set","block":{"attributes":{"ibx":{"type":"string","description":"IBX Code","description_kind":"plain","optional":true,"computed":true},"metro_code":{"type":"string","description":"Access point metro code","description_kind":"plain","optional":true,"computed":true},"metro_name":{"type":"string","description":"Access point metro name","description_kind":"plain","optional":true,"computed":true},"region":{"type":"string","description":"Access point region","description_kind":"plain","optional":true,"computed":true}},"description":"Access point location","description_kind":"plain"}},"port":{"nesting_mode":"set","block":{"attributes":{"href":{"type":"string","description":"Unique Resource Identifier","description_kind":"plain","computed":true},"name":{"type":"string","description":"Port name","description_kind":"plain","computed":true},"redundancy":{"type":["set",["object",{"priority":"string"}]],"description":"Redundancy Information","description_kind":"plain","computed":true},"uuid":{"type":"string","description":"Equinix-assigned Port identifier","description_kind":"plain","optional":true,"computed":true}},"description":"Port access point information","description_kind":"plain"}},"profile":{"nesting_mode":"set","block":{"attributes":{"access_point_type_configs":{"type":["list",["object",{"type":"string","uuid":"string"}]],"description":"Access point config information","description_kind":"plain","computed":true},"description":{"type":"string","description":"User-provided service description","description_kind":"plain","computed":true},"href":{"type":"string","description":"Service Profile URI response attribute","description_kind":"plain","computed":true},"name":{"type":"string","description":"Customer-assigned service profile name","description_kind":"plain","computed":true},"type":{"type":"string","description":"Service profile type - L2_PROFILE, L3_PROFILE, ECIA_PROFILE, ECMC_PROFILE","description_kind":"plain","required":true},"uuid":{"type":"string","description":"Equinix assigned service profile identifier","description_kind":"plain","required":true}},"description":"Service Profile","description_kind":"plain"}},"routing_protocols":{"nesting_mode":"list","block":{"attributes":{"state":{"type":"string","description":"Routing protocol instance state","description_kind":"plain","optional":true},"type":{"type":"string","description":"Routing Protocol type","description_kind":"plain","optional":true},"uuid":{"type":"string","description":"Equinix-assigned Routing protocol identifier","description_kind":"plain","optional":true}},"description":"Access point routing protocols configuration","description_kind":"plain"}},"virtual_device":{"nesting_mode":"set","block":{"attributes":{"href":{"type":"string","description":"Unique Resource Identifier","description_kind":"plain","computed":true},"type":{"type":"string","description":"Virtual Device type","description_kind":"plain","optional":true},"uuid":{"type":"string","description":"Equinix-assigned Virtual Device identifier","description_kind":"plain","optional":true}},"description":"Virtual device","description_kind":"plain"}}},"description":"Point of access details","description_kind":"plain"}},"additional_info":{"nesting_mode":"list","block":{"attributes":{"key":{"type":"string","description":"Additional information key","description_kind":"plain","optional":true},"value":{"type":"string","description":"Additional information value","description_kind":"plain","optional":true}},"description":"Connection side additional information","description_kind":"plain"}},"service_token":{"nesting_mode":"set","block":{"attributes":{"description":{"type":"string","description":"Service token description","description_kind":"plain","computed":true},"href":{"type":"string","description":"An absolute URL that is the subject of the link's context","description_kind":"plain","computed":true},"type":{"type":"string","description":"Token type - VC_TOKEN","description_kind":"plain","optional":true},"uuid":{"type":"string","description":"Equinix-assigned service token identifier","description_kind":"plain","optional":true}},"description":"For service token based connections, Service tokens authorize users to access protected resources and services. Resource owners can distribute the tokens to trusted partners and vendors, allowing selected third parties to work directly with Equinix network assets","description_kind":"plain"}}},"description":"Requester or Customer side connection configuration object of the multi-segment connection","description_kind":"plain"},"min_items":1},"additional_info":{"nesting_mode":"list","block":{"attributes":{"key":{"type":"string","description":"Additional information key","description_kind":"plain","optional":true},"value":{"type":"string","description":"Additional information value","description_kind":"plain","optional":true}},"description":"Connection additional information","description_kind":"plain"}},"notifications":{"nesting_mode":"list","block":{"attributes":{"emails":{"type":["list","string"],"description":"Array of contact emails","description_kind":"plain","required":true},"send_interval":{"type":"string","description":"Send interval","description_kind":"plain","optional":true},"type":{"type":"string","description":"Notification Type - ALL,CONNECTION_APPROVAL,SALES_REP_NOTIFICATIONS, NOTIFICATIONS","description_kind":"plain","required":true}},"description":"Preferences for notifications on connection configuration or status changes","description_kind":"plain"},"min_items":1},"order":{"nesting_mode":"set","block":{"attributes":{"billing_tier":{"type":"string","description":"Billing tier for connection bandwidth","description_kind":"plain","optional":true},"order_id":{"type":"string","description":"Order Identification","description_kind":"plain","computed":true},"order_number":{"type":"string","description":"Order Reference Number","description_kind":"plain","computed":true},"purchase_order_number":{"type":"string","description":"Purchase order number","description_kind":"plain","optional":true}},"description":"Order related to this connection information","description_kind":"plain"}},"project":{"nesting_mode":"set","block":{"attributes":{"href":{"type":"string","description":"Unique Resource URL","description_kind":"plain","computed":true},"project_id":{"type":"string","description":"Project Id","description_kind":"plain","computed":true}},"description":"Project information","description_kind":"plain"}},"redundancy":{"nesting_mode":"set","block":{"attributes":{"group":{"type":"string","description":"Redundancy group identifier","description_kind":"plain","computed":true},"priority":{"type":"string","description":"Priority type- PRIMARY, SECONDARY","description_kind":"plain","optional":true}},"description":"Redundancy Information","description_kind":"plain"}},"timeouts":{"nesting_mode":"single","block":{"attributes":{"create":{"type":"string","description_kind":"plain","optional":true},"delete":{"type":"string","description_kind":"plain","optional":true},"read":{"type":"string","description_kind":"plain","optional":true},"update":{"type":"string","description_kind":"plain","optional":true}},"description_kind":"plain"}},"z_side":{"nesting_mode":"set","block":{"block_types":{"access_point":{"nesting_mode":"set","block":{"attributes":{"account":{"type":["set",["object",{"account_name":"string","account_number":"number","global_cust_id":"string","global_org_id":"string","global_organization_name":"string","org_id":"number","organization_name":"string"}]],"description":"Account","description_kind":"plain","computed":true},"authentication_key":{"type":"string","description":"Authentication key for provider based connections","description_kind":"plain","optional":true},"peering_type":{"type":"string","description":"Peering Type- PRIVATE,MICROSOFT,PUBLIC, MANUAL","description_kind":"plain","optional":true},"provider_connection_id":{"type":"string","description":"Provider assigned Connection Id","description_kind":"plain","optional":true},"seller_region":{"type":"string","description":"Access point seller region","description_kind":"plain","optional":true},"type":{"type":"string","description":"Access point type - COLO, VD, VG, SP, IGW, SUBNET, GW","description_kind":"plain","optional":true}},"block_types":{"gateway":{"nesting_mode":"set","block":{"attributes":{"href":{"type":"string","description":"Unique Resource Identifier","description_kind":"plain","computed":true},"uuid":{"type":"string","description":"Equinix-assigned virtual gateway identifier","description_kind":"plain","optional":true}},"description":"Gateway access point information","description_kind":"plain"}},"interface":{"nesting_mode":"set","block":{"attributes":{"id":{"type":"string","description":"id","description_kind":"plain","computed":true},"type":{"type":"string","description":"Interface type","description_kind":"plain","optional":true},"uuid":{"type":"string","description":"Equinix-assigned interface identifier","description_kind":"plain","optional":true}},"description":"Virtual device interface","description_kind":"plain"}},"link_protocol":{"nesting_mode":"set","block":{"attributes":{"type":{"type":"string","description":"Type of the link protocol - UNTAGGED, DOT1Q, QINQ, EVPN_VXLAN","description_kind":"plain","optional":true},"vlan_c_tag":{"type":"number","description":"Vlan Customer Tag information, vlanCTag value specified for QINQ connections","description_kind":"plain","optional":true,"computed":true},"vlan_s_tag":{"type":"number","description":"Vlan Provider Tag information, vlanSTag value specified for QINQ connections","description_kind":"plain","optional":true,"computed":true},"vlan_tag":{"type":"number","description":"Vlan Tag information, vlanTag value specified for DOT1Q connections","description_kind":"plain","optional":true,"computed":true}},"description":"Connection link protocol","description_kind":"plain"}},"location":{"nesting_mode":"set","block":{"attributes":{"ibx":{"type":"string","description":"IBX Code","description_kind":"plain","optional":true,"computed":true},"metro_code":{"type":"string","description":"Access point metro code","description_kind":"plain","optional":true,"computed":true},"metro_name":{"type":"string","description":"Access point metro name","description_kind":"plain","optional":true,"computed":true},"region":{"type":"string","description":"Access point region","description_kind":"plain","optional":true,"computed":true}},"description":"Access point location","description_kind":"plain"}},"port":{"nesting_mode":"set","block":{"attributes":{"href":{"type":"string","description":"Unique Resource Identifier","description_kind":"plain","computed":true},"name":{"type":"string","description":"Port name","description_kind":"plain","computed":true},"redundancy":{"type":["set",["object",{"priority":"string"}]],"description":"Redundancy Information","description_kind":"plain","computed":true},"uuid":{"type":"string","description":"Equinix-assigned Port identifier","description_kind":"plain","optional":true,"computed":true}},"description":"Port access point information","description_kind":"plain"}},"profile":{"nesting_mode":"set","block":{"attributes":{"access_point_type_configs":{"type":["list",["object",{"type":"string","uuid":"string"}]],"description":"Access point config information","description_kind":"plain","computed":true},"description":{"type":"string","description":"User-provided service description","description_kind":"plain","computed":true},"href":{"type":"string","description":"Service Profile URI response attribute","description_kind":"plain","computed":true},"name":{"type":"string","description":"Customer-assigned service profile name","description_kind":"plain","computed":true},"type":{"type":"string","description":"Service profile type - L2_PROFILE, L3_PROFILE, ECIA_PROFILE, ECMC_PROFILE","description_kind":"plain","required":true},"uuid":{"type":"string","description":"Equinix assigned service profile identifier","description_kind":"plain","required":true}},"description":"Service Profile","description_kind":"plain"}},"routing_protocols":{"nesting_mode":"list","block":{"attributes":{"state":{"type":"string","description":"Routing protocol instance state","description_kind":"plain","optional":true},"type":{"type":"string","description":"Routing Protocol type","description_kind":"plain","optional":true},"uuid":{"type":"string","description":"Equinix-assigned Routing protocol identifier","description_kind":"plain","optional":true}},"description":"Access point routing protocols configuration","description_kind":"plain"}},"virtual_device":{"nesting_mode":"set","block":{"attributes":{"href":{"type":"string","description":"Unique Resource Identifier","description_kind":"plain","computed":true},"type":{"type":"string","description":"Virtual Device type","description_kind":"plain","optional":true},"uuid":{"type":"string","description":"Equinix-assigned Virtual Device identifier","description_kind":"plain","optional":true}},"description":"Virtual device","description_kind":"plain"}}},"description":"Point of access details","description_kind":"plain"}},"additional_info":{"nesting_mode":"list","block":{"attributes":{"key":{"type":"string","description":"Additional information key","description_kind":"plain","optional":true},"value":{"type":"string","description":"Additional information value","description_kind":"plain","optional":true}},"description":"Connection side additional information","description_kind":"plain"}},"service_token":{"nesting_mode":"set","block":{"attributes":{"description":{"type":"string","description":"Service token description","description_kind":"plain","computed":true},"href":{"type":"string","description":"An absolute URL that is the subject of the link's context","description_kind":"plain","computed":true},"type":{"type":"string","description":"Token type - VC_TOKEN","description_kind":"plain","optional":true},"uuid":{"type":"string","description":"Equinix-assigned service token identifier","description_kind":"plain","optional":true}},"description":"For service token based connections, Service tokens authorize users to access protected resources and services. Resource owners can distribute the tokens to trusted partners and vendors, allowing selected third parties to work directly with Equinix network assets","description_kind":"plain"}}},"description":"Destination or Provider side connection configuration object of the multi-segment connection","description_kind":"plain"},"min_items":1}},"description":"Fabric V4 API compatible resource allows creation and management of Equinix Fabric connection\n\n~\u003e **Note** Equinix Fabric v4 resources and datasources are currently in Beta. The interfaces related to `equinix_fabric_` resources and datasources may change ahead of general availability. Please, do not hesitate to report any problems that you experience by opening a new [issue](https://github.com/equinix/terraform-provider-equinix/issues/new?template=bug.md)","description_kind":"plain"}},"equinix_fabric_service_profile":{"version":0,"block":{"attributes":{"allowed_emails":{"type":["list","string"],"description":"Array of contact emails","description_kind":"plain","optional":true},"change_log":{"type":["set",["object",{"created_by":"string","created_by_email":"string","created_by_full_name":"string","created_date_time":"string","deleted_by":"string","deleted_by_email":"string","deleted_by_full_name":"string","deleted_date_time":"string","updated_by":"string","updated_by_email":"string","updated_by_full_name":"string","updated_date_time":"string"}]],"description":"Captures connection lifecycle change information","description_kind":"plain","computed":true},"description":{"type":"string","description":"User-provided service description","description_kind":"plain","required":true},"href":{"type":"string","description":"Service Profile URI response attribute","description_kind":"plain","computed":true},"id":{"type":"string","description_kind":"plain","optional":true,"computed":true},"name":{"type":"string","description":"Customer-assigned service profile name","description_kind":"plain","required":true},"self_profile":{"type":"bool","description":"Self Profile","description_kind":"plain","optional":true},"state":{"type":"string","description":"Service profile state - ACTIVE, PENDING_APPROVAL, DELETED, REJECTED","description_kind":"plain","optional":true},"tags":{"type":["list","string"],"description":"Tags attached to the connection","description_kind":"plain","optional":true},"type":{"type":"string","description":"Service profile type - L2_PROFILE, L3_PROFILE, ECIA_PROFILE, ECMC_PROFILE","description_kind":"plain","required":true},"uuid":{"type":"string","description":"Equinix assigned service profile identifier","description_kind":"plain","computed":true},"visibility":{"type":"string","description":"Service profile visibility - PUBLIC, PRIVATE","description_kind":"plain","optional":true}},"block_types":{"access_point_type_configs":{"nesting_mode":"list","block":{"attributes":{"allow_bandwidth_auto_approval":{"type":"bool","description":"Setting to enable or disable the ability of the buyer to change connection bandwidth without approval of the seller","description_kind":"plain","optional":true},"allow_bandwidth_upgrade":{"type":"bool","description":"Availability of a bandwidth upgrade. The default is false","description_kind":"plain","optional":true},"allow_custom_bandwidth":{"type":"bool","description":"Setting to enable or disable the ability of the buyer to customize the bandwidth","description_kind":"plain","optional":true},"allow_remote_connections":{"type":"bool","description":"Setting to allow or prohibit remote connections to the service profile","description_kind":"plain","optional":true},"bandwidth_alert_threshold":{"type":"number","description":"Percentage of port bandwidth at which an allocation alert is generated","description_kind":"plain","optional":true},"connection_label":{"type":"string","description":"Custom name for Connection","description_kind":"plain","optional":true},"connection_redundancy_required":{"type":"bool","description":"Mandate redundant connections","description_kind":"plain","optional":true},"enable_auto_generate_service_key":{"type":"bool","description":"Enable auto generate service key","description_kind":"plain","optional":true},"supported_bandwidths":{"type":["list","number"],"description":"Supported bandwidths","description_kind":"plain","optional":true},"type":{"type":"string","description":"Type of access point type config - VD, COLO","description_kind":"plain","required":true},"uuid":{"type":"string","description":"Colo/Port Uuid","description_kind":"plain","computed":true}},"block_types":{"api_config":{"nesting_mode":"set","block":{"attributes":{"allow_over_subscription":{"type":"bool","description":"Setting showing that oversubscription support is available (true) or not (false). The default is false","description_kind":"plain","optional":true},"api_available":{"type":"bool","description":"Setting indicating whether the API is available (true) or not (false)","description_kind":"plain","optional":true},"bandwidth_from_api":{"type":"bool","description":"Bandwidth from api","description_kind":"plain","optional":true},"equinix_managed_port":{"type":"bool","description":"Setting indicating that the port is managed by Equinix (true) or not (false)","description_kind":"plain","optional":true},"equinix_managed_vlan":{"type":"bool","description":"Setting indicating that the VLAN is managed by Equinix (true) or not (false)","description_kind":"plain","optional":true},"integration_id":{"type":"string","description":"Integration id","description_kind":"plain","optional":true},"over_subscription_limit":{"type":"number","description":"A cap on over subscription","description_kind":"plain","optional":true}},"description":"Api configuration details","description_kind":"plain"}},"authentication_key":{"nesting_mode":"set","block":{"attributes":{"description":{"type":"string","description":"Description","description_kind":"plain","optional":true},"label":{"type":"string","description":"Label","description_kind":"plain","optional":true},"required":{"type":"bool","description":"Required","description_kind":"plain","optional":true}},"description":"Authentication key details","description_kind":"plain"}},"link_protocol_config":{"nesting_mode":"set","block":{"attributes":{"encapsulation":{"type":"string","description":"Port Encapsulation","description_kind":"plain","optional":true},"encapsulation_strategy":{"type":"string","description":"Encapsulation strategy","description_kind":"plain","optional":true},"reuse_vlan_s_tag":{"type":"bool","description":"Reuse vlan sTag","description_kind":"plain","optional":true}},"description":"Link protocol configuration details","description_kind":"plain"}}},"description":"Access point config information","description_kind":"plain"}},"account":{"nesting_mode":"set","block":{"attributes":{"account_name":{"type":"string","description":"Account Name","description_kind":"plain","optional":true},"account_number":{"type":"number","description":"Account Number","description_kind":"plain","optional":true},"global_cust_id":{"type":"string","description":"Global Customer organization identifier","description_kind":"plain","optional":true},"global_org_id":{"type":"string","description":"Global organization identifier","description_kind":"plain","optional":true},"global_organization_name":{"type":"string","description":"Global organization name","description_kind":"plain","optional":true},"org_id":{"type":"number","description":"Customer organization identifier","description_kind":"plain","optional":true},"organization_name":{"type":"string","description":"Customer organization name","description_kind":"plain","optional":true},"ucm_id":{"type":"string","description":"Enterprise datastore id","description_kind":"plain","optional":true}},"description":"Account","description_kind":"plain"}},"custom_fields":{"nesting_mode":"list","block":{"attributes":{"capture_in_email":{"type":"bool","description":"Required field","description_kind":"plain","optional":true},"data_type":{"type":"string","description":"Data type","description_kind":"plain","required":true},"description":{"type":"string","description":"Description","description_kind":"plain","optional":true},"label":{"type":"string","description":"Label","description_kind":"plain","required":true},"options":{"type":["list","string"],"description":"Options","description_kind":"plain","optional":true},"required":{"type":"bool","description":"Required field","description_kind":"plain","required":true}},"description":"Custom Fields","description_kind":"plain"}},"marketing_info":{"nesting_mode":"set","block":{"attributes":{"logo":{"type":"string","description":"Logo","description_kind":"plain","optional":true},"promotion":{"type":"bool","description":"Promotion","description_kind":"plain","optional":true}},"block_types":{"process_step":{"nesting_mode":"list","block":{"attributes":{"description":{"type":"string","description":"Description","description_kind":"plain","optional":true},"sub_title":{"type":"string","description":"Sub Title","description_kind":"plain","optional":true},"title":{"type":"string","description":"Title","description_kind":"plain","optional":true}},"description":"Process Step","description_kind":"plain"}}},"description":"Marketing Info","description_kind":"plain"}},"metros":{"nesting_mode":"list","block":{"attributes":{"code":{"type":"string","description":"Metro Code - Example SV","description_kind":"plain","optional":true},"display_name":{"type":"string","description":"Display Name","description_kind":"plain","optional":true},"ibxs":{"type":["list","string"],"description":"IBX- Equinix International Business Exchange list","description_kind":"plain","optional":true},"in_trail":{"type":"bool","description":"In Trail","description_kind":"plain","optional":true},"name":{"type":"string","description":"Metro Name","description_kind":"plain","optional":true},"seller_regions":{"type":["map","string"],"description":"Seller Regions","description_kind":"plain","optional":true}},"description":"Access point config information","description_kind":"plain"}},"notifications":{"nesting_mode":"list","block":{"attributes":{"emails":{"type":["list","string"],"description":"Array of contact emails","description_kind":"plain","required":true},"send_interval":{"type":"string","description":"Send interval","description_kind":"plain","optional":true},"type":{"type":"string","description":"Notification Type - ALL,CONNECTION_APPROVAL,SALES_REP_NOTIFICATIONS, NOTIFICATIONS","description_kind":"plain","required":true}},"description":"Preferences for notifications on connection configuration or status changes","description_kind":"plain"}},"ports":{"nesting_mode":"list","block":{"attributes":{"cross_connect_id":{"type":"string","description":"Cross Connect Id","description_kind":"plain","optional":true},"seller_region":{"type":"string","description":"Seller Region","description_kind":"plain","optional":true},"seller_region_description":{"type":"string","description":"Seller Region details","description_kind":"plain","optional":true},"type":{"type":"string","description":"Colo/Port Type","description_kind":"plain","required":true},"uuid":{"type":"string","description":"Colo/Port Uuid","description_kind":"plain","required":true}},"block_types":{"location":{"nesting_mode":"set","block":{"attributes":{"ibx":{"type":"string","description":"IBX Code","description_kind":"plain","optional":true,"computed":true},"metro_code":{"type":"string","description":"Access point metro code","description_kind":"plain","optional":true,"computed":true},"metro_name":{"type":"string","description":"Access point metro name","description_kind":"plain","optional":true,"computed":true},"region":{"type":"string","description":"Access point region","description_kind":"plain","optional":true,"computed":true}},"description":"Colo/Port Location","description_kind":"plain"}}},"description":"Ports","description_kind":"plain"}},"project":{"nesting_mode":"set","block":{"attributes":{"href":{"type":"string","description":"Unique Resource URL","description_kind":"plain","computed":true},"project_id":{"type":"string","description":"Project Id","description_kind":"plain","computed":true}},"description":"Project information","description_kind":"plain"}},"timeouts":{"nesting_mode":"single","block":{"attributes":{"create":{"type":"string","description_kind":"plain","optional":true},"delete":{"type":"string","description_kind":"plain","optional":true},"read":{"type":"string","description_kind":"plain","optional":true},"update":{"type":"string","description_kind":"plain","optional":true}},"description_kind":"plain"}},"virtual_devices":{"nesting_mode":"list","block":{"attributes":{"interface_uuid":{"type":"string","description":"Device Interface Uuid","description_kind":"plain","optional":true},"type":{"type":"string","description":"Virtual Device Type","description_kind":"plain","required":true},"uuid":{"type":"string","description":"Virtual Device Uuid","description_kind":"plain","required":true}},"block_types":{"location":{"nesting_mode":"set","block":{"attributes":{"ibx":{"type":"string","description":"IBX Code","description_kind":"plain","optional":true,"computed":true},"metro_code":{"type":"string","description":"Access point metro code","description_kind":"plain","optional":true,"computed":true},"metro_name":{"type":"string","description":"Access point metro name","description_kind":"plain","optional":true,"computed":true},"region":{"type":"string","description":"Access point region","description_kind":"plain","optional":true,"computed":true}},"description":" Device Location","description_kind":"plain"}}},"description":"Virtual Devices","description_kind":"plain"}}},"description":"Fabric V4 API compatible resource allows creation and management of Equinix Fabric Service Profile\n\n~\u003e **Note** Equinix Fabric v4 resources and datasources are currently in Beta. The interfaces related to `equinix_fabric_` resources and datasources may change ahead of general availability. Please, do not hesitate to report any problems that you experience by opening a new [issue](https://github.com/equinix/terraform-provider-equinix/issues/new?template=bug.md)","description_kind":"plain"}},"equinix_metal_bgp_session":{"version":0,"block":{"attributes":{"address_family":{"type":"string","description":"ipv4 or ipv6","description_kind":"plain","required":true},"default_route":{"type":"bool","description":"Boolean flag to set the default route policy. False by default","description_kind":"plain","optional":true},"device_id":{"type":"string","description":"ID of device","description_kind":"plain","required":true},"id":{"type":"string","description_kind":"plain","optional":true,"computed":true},"status":{"type":"string","description":"Status of the session - up or down","description_kind":"plain","computed":true}},"description_kind":"plain"}},"equinix_metal_connection":{"version":0,"block":{"attributes":{"description":{"type":"string","description":"Description of the connection resource","description_kind":"plain","optional":true},"facility":{"type":"string","description":"Facility where the connection will be created","description_kind":"plain","optional":true,"computed":true},"id":{"type":"string","description_kind":"plain","optional":true,"computed":true},"metro":{"type":"string","description":"Metro where the connection will be created","description_kind":"plain","optional":true,"computed":true},"mode":{"type":"string","description":"Mode for connections in IBX facilities with the dedicated type - standard or tunnel","description_kind":"plain","optional":true},"name":{"type":"string","description":"Name of the connection resource","description_kind":"plain","required":true},"organization_id":{"type":"string","description":"ID of the organization responsible for the connection. Applicable with type \"dedicated\"","description_kind":"plain","optional":true,"computed":true},"ports":{"type":["list",["object",{"id":"string","link_status":"string","name":"string","role":"string","speed":"number","status":"string","virtual_circuit_ids":["list","string"]}]],"description":"List of connection ports - primary (`ports[0]`) and secondary (`ports[1]`)","description_kind":"plain","computed":true},"project_id":{"type":"string","description":"ID of the project where the connection is scoped to. Required with type \"shared\"","description_kind":"plain","optional":true},"redundancy":{"type":"string","description":"Connection redundancy - redundant or primary","description_kind":"plain","required":true},"service_token_type":{"type":"string","description":"Only used with shared connection. Type of service token to use for the connection, a_side or z_side","description_kind":"plain","optional":true},"service_tokens":{"type":["list",["object",{"expires_at":"string","id":"string","max_allowed_speed":"string","role":"string","state":"string","type":"string"}]],"description":"Only used with shared connection. List of service tokens required to continue the setup process with [equinix_ecx_l2_connection](https://registry.terraform.io/providers/equinix/equinix/latest/docs/resources/equinix_ecx_l2_connection) or from the [Equinix Fabric Portal](https://ecxfabric.equinix.com/dashboard)","description_kind":"plain","computed":true},"speed":{"type":"string","description":"Port speed. Allowed values are 50Mbps, 200Mbps, 500Mbps, 1Gbps, 2Gbps, 5Gbps, 10Gbps","description_kind":"plain","required":true},"status":{"type":"string","description":"Status of the connection resource","description_kind":"plain","computed":true},"tags":{"type":["list","string"],"description":"Tags attached to the connection","description_kind":"plain","optional":true},"token":{"type":"string","description":"Only used with shared connection. Fabric Token required to continue the setup process with [equinix_ecx_l2_connection](https://registry.terraform.io/providers/equinix/equinix/latest/docs/resources/equinix_ecx_l2_connection) or from the [Equinix Fabric Portal](https://ecxfabric.equinix.com/dashboard)","description_kind":"plain","deprecated":true,"computed":true},"type":{"type":"string","description":"Connection type - dedicated or shared","description_kind":"plain","required":true},"vlans":{"type":["list","number"],"description":"Only used with shared connection. VLANs to attach. Pass one vlan for Primary/Single connection and two vlans for Redundant connection","description_kind":"plain","optional":true}},"description_kind":"plain"}},"equinix_metal_device":{"version":0,"block":{"attributes":{"access_private_ipv4":{"type":"string","description":"The ipv4 private IP assigned to the device","description_kind":"plain","computed":true},"access_public_ipv4":{"type":"string","description":"The ipv4 maintenance IP assigned to the device","description_kind":"plain","computed":true},"access_public_ipv6":{"type":"string","description":"The ipv6 maintenance IP assigned to the device","description_kind":"plain","computed":true},"always_pxe":{"type":"bool","description":"If true, a device with OS custom_ipxe will","description_kind":"plain","optional":true},"billing_cycle":{"type":"string","description":"monthly or hourly","description_kind":"plain","optional":true,"computed":true},"created":{"type":"string","description":"The timestamp for when the device was created","description_kind":"plain","computed":true},"custom_data":{"type":"string","description":"A string of the desired Custom Data for the device.  By default, changing this attribute will cause the provider to destroy and recreate your device.  If `reinstall` is specified or `behavior.allow_changes` includes `\"custom_data\"`, the device will be updated in-place instead of recreated.","description_kind":"plain","optional":true,"sensitive":true},"deployed_facility":{"type":"string","description":"The facility where the device is deployed","description_kind":"plain","computed":true},"deployed_hardware_reservation_id":{"type":"string","description":"ID of hardware reservation where this device was deployed. It is useful when using the next-available hardware reservation","description_kind":"plain","computed":true},"description":{"type":"string","description":"Description string for the device","description_kind":"plain","optional":true},"facilities":{"type":["list","string"],"description":"List of facility codes with deployment preferences. Equinix Metal API will go through the list and will deploy your device to first facility with free capacity. List items must be facility codes or any (a wildcard). To find the facility code, visit [Facilities API docs](https://metal.equinix.com/developers/api/facilities/), set your API auth token in the top of the page and see JSON from the API response. Conflicts with metro","description_kind":"plain","optional":true},"force_detach_volumes":{"type":"bool","description":"Delete device even if it has volumes attached. Only applies for destroy action","description_kind":"plain","optional":true},"hardware_reservation_id":{"type":"string","description":"The UUID of the hardware reservation where you want this device deployed, or next-available if you want to pick your next available reservation automatically","description_kind":"plain","optional":true},"hostname":{"type":"string","description":"The device hostname used in deployments taking advantage of Layer3 DHCP or metadata service configuration.","description_kind":"plain","optional":true,"computed":true},"id":{"type":"string","description_kind":"plain","optional":true,"computed":true},"ipxe_script_url":{"type":"string","description":"URL pointing to a hosted iPXE script. More","description_kind":"plain","optional":true},"locked":{"type":"bool","description":"Whether the device is locked","description_kind":"plain","computed":true},"metro":{"type":"string","description":"Metro area for the new device. Conflicts with facilities","description_kind":"plain","optional":true},"network":{"type":["list",["object",{"address":"string","cidr":"number","family":"number","gateway":"string","public":"bool"}]],"description":"The device's private and public IP (v4 and v6) network details. When a device is run without any special network configuration, it will have 3 addresses: public ipv4, private ipv4 and ipv6","description_kind":"plain","computed":true},"network_type":{"type":"string","description":"Network type of a device, used in [Layer 2 networking](https://metal.equinix.com/developers/docs/networking/layer2/). Will be one of layer3, hybrid, hybrid-bonded, layer2-individual, layer2-bonded","description_kind":"plain","deprecated":true,"computed":true},"operating_system":{"type":"string","description":"The operating system slug. To find the slug, or visit [Operating Systems API docs](https://metal.equinix.com/developers/api/operatingsystems), set your API auth token in the top of the page and see JSON from the API response.  By default, changing this attribute will cause your device to be deleted and recreated.  If `reinstall` is enabled, the device will be updated in-place instead of recreated.","description_kind":"plain","required":true},"plan":{"type":"string","description":"The device plan slug. To find the plan slug, visit [Device plans API docs](https://metal.equinix.com/developers/api/plans), set your auth token in the top of the page and see JSON from the API response","description_kind":"plain","required":true},"ports":{"type":["list",["object",{"bonded":"bool","id":"string","mac":"string","name":"string","type":"string"}]],"description":"Ports assigned to the device","description_kind":"plain","computed":true},"project_id":{"type":"string","description":"The ID of the project in which to create the device","description_kind":"plain","required":true},"project_ssh_key_ids":{"type":["list","string"],"description":"Array of IDs of the project SSH keys which should be added to the device. If you omit this, SSH keys of all the members of the parent project will be added to the device. If you specify this array, only the listed project SSH keys (and any user_ssh_key_ids) will be added. Project SSH keys can be created with the [equinix_metal_project_ssh_key](equinix_metal_project_ssh_key.md) resource","description_kind":"plain","optional":true},"root_password":{"type":"string","description":"Root password to the server (disabled after 24 hours)","description_kind":"plain","computed":true,"sensitive":true},"ssh_key_ids":{"type":["list","string"],"description":"List of IDs of SSH keys deployed in the device, can be both user and project SSH keys","description_kind":"plain","computed":true},"state":{"type":"string","description":"The status of the device","description_kind":"plain","computed":true},"storage":{"type":"string","description":"JSON for custom partitioning. Only usable on reserved hardware. More information in in the [Custom Partitioning and RAID](https://metal.equinix.com/developers/docs/servers/custom-partitioning-raid/) doc","description_kind":"plain","optional":true},"tags":{"type":["list","string"],"description":"Tags attached to the device","description_kind":"plain","optional":true},"termination_time":{"type":"string","description":"Timestamp for device termination. For example \"2021-09-03T16:32:00+03:00\". If you don't supply timezone info, timestamp is assumed to be in UTC.","description_kind":"plain","optional":true},"updated":{"type":"string","description":"The timestamp for the last time the device was updated","description_kind":"plain","computed":true},"user_data":{"type":"string","description":"A string of the desired User Data for the device.  By default, changing this attribute will cause the provider to destroy and recreate your device.  If `reinstall` is specified or `behavior.allow_changes` includes `\"user_data\"`, the device will be updated in-place instead of recreated.","description_kind":"plain","optional":true,"sensitive":true},"user_ssh_key_ids":{"type":["list","string"],"description":"Array of IDs of the user SSH keys which should be added to the device. If you omit this, SSH keys of all the members of the parent project will be added to the device. If you specify this array, only the listed user SSH keys (and any project_ssh_key_ids) will be added. User SSH keys can be created with the [equinix_metal_ssh_key](equinix_metal_ssh_key.md) resource","description_kind":"plain","optional":true},"wait_for_reservation_deprovision":{"type":"bool","description":"Only used for devices in reserved hardware. If set, the deletion of this device will block until the hardware reservation is marked provisionable (about 4 minutes in August 2019)","description_kind":"plain","optional":true}},"block_types":{"behavior":{"nesting_mode":"list","block":{"attributes":{"allow_changes":{"type":["list","string"],"description":"List of attributes that are allowed to change without recreating the instance. Supported attributes: `custom_data`, `user_data`","description_kind":"plain","optional":true}},"description_kind":"plain"},"max_items":1},"ip_address":{"nesting_mode":"list","block":{"attributes":{"cidr":{"type":"number","description":"CIDR suffix for IP block assigned to this device","description_kind":"plain","optional":true},"reservation_ids":{"type":["list","string"],"description":"IDs of reservations to pick the blocks from","description_kind":"plain","optional":true},"type":{"type":"string","description":"one of public_ipv4,private_ipv4,public_ipv6","description_kind":"plain","required":true}},"description":"A list of IP address types for the device (structure is documented below)","description_kind":"plain"}},"reinstall":{"nesting_mode":"list","block":{"attributes":{"deprovision_fast":{"type":"bool","description":"Whether the OS disk should be filled with `00h` bytes before reinstall","description_kind":"plain","optional":true},"enabled":{"type":"bool","description":"Whether the device should be reinstalled instead of destroyed","description_kind":"plain","optional":true},"preserve_data":{"type":"bool","description":"Whether the non-OS disks should be kept or wiped during reinstall","description_kind":"plain","optional":true}},"description_kind":"plain"},"max_items":1},"timeouts":{"nesting_mode":"single","block":{"attributes":{"create":{"type":"string","description_kind":"plain","optional":true},"delete":{"type":"string","description_kind":"plain","optional":true},"update":{"type":"string","description_kind":"plain","optional":true}},"description_kind":"plain"}}},"description_kind":"plain"}},"equinix_metal_device_network_type":{"version":0,"block":{"attributes":{"device_id":{"type":"string","description":"The ID of the device on which the network type should be set","description_kind":"plain","required":true},"id":{"type":"string","description_kind":"plain","optional":true,"computed":true},"type":{"type":"string","description":"Network type to set. Must be one of layer3, hybrid, hybrid-bonded, layer2-individual, layer2-bonded","description_kind":"plain","required":true}},"description_kind":"plain"}},"equinix_metal_gateway":{"version":0,"block":{"attributes":{"id":{"type":"string","description_kind":"plain","optional":true,"computed":true},"ip_reservation_id":{"type":"string","description":"UUID of the Public or VRF IP Reservation to associate, must be in the same metro as the VLAN","description_kind":"plain","optional":true},"private_ipv4_subnet_size":{"type":"number","description":"Size of the private IPv4 subnet to create for this gateway, one of [8 16 32 64 128]","description_kind":"plain","optional":true,"computed":true},"project_id":{"type":"string","description":"UUID of the Project where the Gateway is scoped to","description_kind":"plain","required":true},"state":{"type":"string","description":"Status of the gateway resource","description_kind":"plain","computed":true},"vlan_id":{"type":"string","description":"UUID of the VLAN to associate","description_kind":"plain","required":true},"vrf_id":{"type":"string","description":"UUID of the VRF associated with the IP Reservation","description_kind":"plain","computed":true}},"description_kind":"plain"}},"equinix_metal_ip_attachment":{"version":0,"block":{"attributes":{"address":{"type":"string","description_kind":"plain","computed":true},"address_family":{"type":"number","description":"Address family as integer (4 or 6)","description_kind":"plain","computed":true},"cidr":{"type":"number","description":"Length of CIDR prefix of the block as integer","description_kind":"plain","computed":true},"cidr_notation":{"type":"string","description_kind":"plain","required":true},"device_id":{"type":"string","description_kind":"plain","required":true},"gateway":{"type":"string","description_kind":"plain","computed":true},"global":{"type":"bool","description":"Flag indicating whether IP block is global, i.e. assignable in any location","description_kind":"plain","computed":true},"id":{"type":"string","description_kind":"plain","optional":true,"computed":true},"manageable":{"type":"bool","description_kind":"plain","computed":true},"management":{"type":"bool","description_kind":"plain","computed":true},"netmask":{"type":"string","description":"Mask in decimal notation, e.g. 255.255.255.0","description_kind":"plain","computed":true},"network":{"type":"string","description":"Network IP address portion of the block specification","description_kind":"plain","computed":true},"public":{"type":"bool","description":"Flag indicating whether IP block is addressable from the Internet","description_kind":"plain","computed":true},"vrf_id":{"type":"string","description_kind":"plain","computed":true}},"description_kind":"plain"}},"equinix_metal_organization":{"version":0,"block":{"attributes":{"created":{"type":"string","description_kind":"plain","computed":true},"description":{"type":"string","description":"Description string","description_kind":"plain","optional":true},"id":{"type":"string","description_kind":"plain","optional":true,"computed":true},"logo":{"type":"string","description":"Logo URL","description_kind":"plain","optional":true},"name":{"type":"string","description":"The name of the Organization","description_kind":"plain","required":true},"twitter":{"type":"string","description":"Twitter handle","description_kind":"plain","optional":true},"updated":{"type":"string","description_kind":"plain","computed":true},"website":{"type":"string","description":"Website link","description_kind":"plain","optional":true}},"block_types":{"address":{"nesting_mode":"list","block":{"attributes":{"address":{"type":"string","description":"Postal address","description_kind":"plain","required":true},"city":{"type":"string","description":"City name","description_kind":"plain","required":true},"country":{"type":"string","description":"Two letter country code (ISO 3166-1 alpha-2), e.g. US","description_kind":"plain","required":true},"state":{"type":"string","description":"State name","description_kind":"plain","optional":true},"zip_code":{"type":"string","description":"Zip Code","description_kind":"plain","required":true}},"description":"Address information block","description_kind":"plain"},"min_items":1,"max_items":1}},"description_kind":"plain"}},"equinix_metal_organization_member":{"version":0,"block":{"attributes":{"created":{"type":"string","description":"When the invitation was created (only known in the invitation stage)","description_kind":"plain","computed":true},"id":{"type":"string","description_kind":"plain","optional":true,"computed":true},"invited_by":{"type":"string","description":"The user id of the user that sent the invitation (only known in the invitation stage)","description_kind":"plain","computed":true},"invitee":{"type":"string","description":"The email address of the user to invite","description_kind":"plain","required":true},"message":{"type":"string","description":"A message to the invitee (only used during the invitation stage)","description_kind":"plain","optional":true},"nonce":{"type":"string","description":"The nonce for the invitation (only known in the invitation stage)","description_kind":"plain","computed":true},"organization_id":{"type":"string","description":"The organization to invite the user to","description_kind":"plain","required":true},"projects_ids":{"type":["set","string"],"description":"Project IDs the member has access to within the organization. If the member is an 'owner', the projects list should be empty.","description_kind":"plain","required":true},"roles":{"type":["set","string"],"description":"Organization roles (owner, collaborator, limited_collaborator, billing)","description_kind":"plain","required":true},"state":{"type":"string","description":"The state of the membership ('invited' when an invitation is open, 'active' when the user is an organization member)","description_kind":"plain","computed":true},"updated":{"type":"string","description":"When the invitation was updated (only known in the invitation stage)","description_kind":"plain","computed":true}},"description_kind":"plain"}},"equinix_metal_port":{"version":0,"block":{"attributes":{"bond_id":{"type":"string","description":"UUID of the bond port","description_kind":"plain","computed":true},"bond_name":{"type":"string","description":"Name of the bond port","description_kind":"plain","computed":true},"bonded":{"type":"bool","description":"Flag indicating whether the port should be bonded","description_kind":"plain","required":true},"disbond_supported":{"type":"bool","description":"Flag indicating whether the port can be removed from a bond","description_kind":"plain","computed":true},"id":{"type":"string","description_kind":"plain","optional":true,"computed":true},"layer2":{"type":"bool","description":"Flag indicating whether the port is in layer2 (or layer3) mode. The `layer2` flag can be set only for bond ports.","description_kind":"plain","optional":true},"mac":{"type":"string","description":"MAC address of the port","description_kind":"plain","computed":true},"name":{"type":"string","description":"Name of the port to look up, e.g. bond0, eth1","description_kind":"plain","computed":true},"native_vlan_id":{"type":"string","description":"UUID of native VLAN of the port","description_kind":"plain","optional":true},"network_type":{"type":"string","description":"One of layer2-bonded, layer2-individual, layer3, hybrid and hybrid-bonded. This attribute is only set on bond ports.","description_kind":"plain","computed":true},"port_id":{"type":"string","description":"UUID of the port to lookup","description_kind":"plain","required":true},"reset_on_delete":{"type":"bool","description":"Behavioral setting to reset the port to default settings (layer3 bonded mode without any vlan attached) before delete/destroy","description_kind":"plain","optional":true},"type":{"type":"string","description":"Port type","description_kind":"plain","computed":true},"vlan_ids":{"type":["set","string"],"description":"UUIDs VLANs to attach. To avoid jitter, use the UUID and not the VXLAN","description_kind":"plain","optional":true,"computed":true},"vxlan_ids":{"type":["set","number"],"description":"VLAN VXLAN ids to attach (example: [1000])","description_kind":"plain","optional":true,"computed":true}},"block_types":{"timeouts":{"nesting_mode":"single","block":{"attributes":{"create":{"type":"string","description_kind":"plain","optional":true},"delete":{"type":"string","description_kind":"plain","optional":true},"update":{"type":"string","description_kind":"plain","optional":true}},"description_kind":"plain"}}},"description_kind":"plain"}},"equinix_metal_port_vlan_attachment":{"version":0,"block":{"attributes":{"device_id":{"type":"string","description":"ID of device to be assigned to the VLAN","description_kind":"plain","required":true},"force_bond":{"type":"bool","description":"Add port back to the bond when this resource is removed. Default is false","description_kind":"plain","optional":true},"id":{"type":"string","description_kind":"plain","optional":true,"computed":true},"native":{"type":"bool","description":"Mark this VLAN a native VLAN on the port. This can be used only if this assignment assigns second or further VLAN to the port. To ensure that this attachment is not first on a port, you can use depends_on pointing to another equinix_metal_port_vlan_attachment, just like in the layer2-individual example above","description_kind":"plain","optional":true},"port_id":{"type":"string","description":"UUID of device port","description_kind":"plain","computed":true},"port_name":{"type":"string","description":"Name of network port to be assigned to the VLAN","description_kind":"plain","required":true},"vlan_id":{"type":"string","description":"UUID of VLAN API resource","description_kind":"plain","computed":true},"vlan_vnid":{"type":"number","description":"VXLAN Network Identifier, integer","description_kind":"plain","required":true}},"description_kind":"plain"}},"equinix_metal_project":{"version":0,"block":{"attributes":{"backend_transfer":{"type":"bool","description":"Enable or disable [Backend Transfer](https://metal.equinix.com/developers/docs/networking/backend-transfer/), default is false","description_kind":"plain","optional":true},"created":{"type":"string","description":"The timestamp for when the project was created","description_kind":"plain","computed":true},"id":{"type":"string","description_kind":"plain","optional":true,"computed":true},"name":{"type":"string","description":"The name of the project","description_kind":"plain","required":true},"organization_id":{"type":"string","description":"The UUID of organization under which you want to create the project. If you leave it out, the project will be create under your the default organization of your account","description_kind":"plain","optional":true,"computed":true},"payment_method_id":{"type":"string","description":"The UUID of payment method for this project. The payment method and the project need to belong to the same organization (passed with organization_id, or default)","description_kind":"plain","optional":true,"computed":true},"updated":{"type":"string","description":"The timestamp for the last time the project was updated","description_kind":"plain","computed":true}},"block_types":{"bgp_config":{"nesting_mode":"list","block":{"attributes":{"asn":{"type":"number","description":"Autonomous System Number for local BGP deployment","description_kind":"plain","required":true},"deployment_type":{"type":"string","description":"\"local\" or \"global\", the local is likely to be usable immediately, the global will need to be review by Equinix Metal engineers","description_kind":"plain","required":true},"max_prefix":{"type":"number","description":"The maximum number of route filters allowed per server","description_kind":"plain","computed":true},"md5":{"type":"string","description":"Password for BGP session in plaintext (not a checksum)","description_kind":"plain","optional":true,"sensitive":true},"status":{"type":"string","description":"Status of BGP configuration in the project","description_kind":"plain","computed":true}},"description":"Optional BGP settings. Refer to [Equinix Metal guide for BGP](https://metal.equinix.com/developers/docs/networking/local-global-bgp/)","description_kind":"plain"},"max_items":1}},"description_kind":"plain"}},"equinix_metal_project_api_key":{"version":0,"block":{"attributes":{"description":{"type":"string","description":"Description string for the API key","description_kind":"plain","required":true},"id":{"type":"string","description_kind":"plain","optional":true,"computed":true},"project_id":{"type":"string","description":"UUID of project which the new API key is scoped to","description_kind":"plain","required":true},"read_only":{"type":"bool","description":"Flag indicating whether the API key shoud be read-only","description_kind":"plain","required":true},"token":{"type":"string","description":"API token for API clients","description_kind":"plain","computed":true,"sensitive":true}},"description_kind":"plain"}},"equinix_metal_project_ssh_key":{"version":0,"block":{"attributes":{"created":{"type":"string","description":"The timestamp for when the SSH key was created","description_kind":"plain","computed":true},"fingerprint":{"type":"string","description":"The fingerprint of the SSH key","description_kind":"plain","computed":true},"id":{"type":"string","description_kind":"plain","optional":true,"computed":true},"name":{"type":"string","description":"The name of the SSH key for identification","description_kind":"plain","required":true},"owner_id":{"type":"string","description":"The UUID of the Equinix Metal API User who owns this key","description_kind":"plain","computed":true},"project_id":{"type":"string","description":"The ID of parent project","description_kind":"plain","required":true},"public_key":{"type":"string","description":"The public key. If this is a file, it","description_kind":"plain","required":true},"updated":{"type":"string","description":"The timestamp for the last time the SSH key was updated","description_kind":"plain","computed":true}},"description_kind":"plain"}},"equinix_metal_reserved_ip_block":{"version":0,"block":{"attributes":{"address":{"type":"string","description_kind":"plain","computed":true},"address_family":{"type":"number","description":"Address family as integer (4 or 6)","description_kind":"plain","computed":true},"cidr":{"type":"number","description":"the size of the network to reserve from an existing vrf ip_range. `cidr` can only be specified with `vrf_id`. Minimum range is 22-29, with 30-31 supported and necessary for virtual-circuits","description_kind":"plain","optional":true,"computed":true},"cidr_notation":{"type":"string","description_kind":"plain","computed":true},"custom_data":{"type":"string","description":"Custom Data is an arbitrary object (submitted in Terraform as serialized JSON) to assign to the IP Reservation. This may be helpful for self-managed IPAM. The object must be valid JSON.","description_kind":"plain","optional":true},"description":{"type":"string","description":"Arbitrary description","description_kind":"plain","optional":true},"facility":{"type":"string","description":"Facility where to allocate the public IP address block, makes sense only for type==public_ipv4, must be empty for type==global_ipv4, conflicts with metro","description_kind":"plain","optional":true},"gateway":{"type":"string","description_kind":"plain","computed":true},"global":{"type":"bool","description":"Flag indicating whether IP block is global, i.e. assignable in any location","description_kind":"plain","computed":true},"id":{"type":"string","description_kind":"plain","optional":true,"computed":true},"manageable":{"type":"bool","description_kind":"plain","computed":true},"management":{"type":"bool","description_kind":"plain","computed":true},"metro":{"type":"string","description":"Metro where to allocate the public IP address block, makes sense only for type==public_ipv4, must be empty for type==global_ipv4, conflicts with facility","description_kind":"plain","optional":true},"netmask":{"type":"string","description":"Mask in decimal notation, e.g. 255.255.255.0","description_kind":"plain","computed":true},"network":{"type":"string","description":"an unreserved network address from an existing vrf ip_range. `network` can only be specified with vrf_id","description_kind":"plain","optional":true,"computed":true},"project_id":{"type":"string","description":"The metal project ID where to allocate the address block","description_kind":"plain","required":true},"public":{"type":"bool","description":"Flag indicating whether IP block is addressable from the Internet","description_kind":"plain","computed":true},"quantity":{"type":"number","description":"The number of allocated /32 addresses, a power of 2","description_kind":"plain","optional":true,"computed":true},"tags":{"type":["set","string"],"description":"Tags attached to the reserved block","description_kind":"plain","optional":true},"type":{"type":"string","description":"Either global_ipv4, public_ipv4, or vrf. Defaults to public_ipv4.","description_kind":"plain","optional":true},"vrf_id":{"type":"string","description":"VRF ID for type=vrf reservations","description_kind":"plain","optional":true},"wait_for_state":{"type":"string","description":"Wait for the IP reservation block to reach a desired state on resource creation. One of: `pending`, `created`. The `created` state is default and recommended if the addresses are needed within the configuration. An error will be returned if a timeout or the `denied` state is encountered.","description_kind":"plain","optional":true}},"block_types":{"timeouts":{"nesting_mode":"single","block":{"attributes":{"create":{"type":"string","description_kind":"plain","optional":true}},"description_kind":"plain"}}},"description_kind":"plain"}},"equinix_metal_spot_market_request":{"version":0,"block":{"attributes":{"devices_max":{"type":"number","description":"Maximum number devices to be created","description_kind":"plain","required":true},"devices_min":{"type":"number","description":"Miniumum number devices to be created","description_kind":"plain","required":true},"facilities":{"type":["list","string"],"description":"Facility IDs where devices should be created","description_kind":"plain","optional":true,"computed":true},"id":{"type":"string","description_kind":"plain","optional":true,"computed":true},"max_bid_price":{"type":"number","description":"Maximum price user is willing to pay per hour per device","description_kind":"plain","required":true},"metro":{"type":"string","description":"Metro where devices should be created","description_kind":"plain","optional":true},"project_id":{"type":"string","description":"Project ID","description_kind":"plain","required":true},"wait_for_devices":{"type":"bool","description":"On resource creation - wait until all desired devices are active, on resource destruction - wait until devices are removed","description_kind":"plain","optional":true}},"block_types":{"instance_parameters":{"nesting_mode":"list","block":{"attributes":{"always_pxe":{"type":"bool","description_kind":"plain","optional":true},"billing_cycle":{"type":"string","description_kind":"plain","required":true},"customdata":{"type":"string","description_kind":"plain","optional":true},"description":{"type":"string","description_kind":"plain","optional":true},"features":{"type":["list","string"],"description_kind":"plain","optional":true},"hostname":{"type":"string","description_kind":"plain","required":true},"ipxe_script_url":{"type":"string","description_kind":"plain","optional":true},"locked":{"type":"bool","description_kind":"plain","optional":true},"operating_system":{"type":"string","description_kind":"plain","required":true},"plan":{"type":"string","description_kind":"plain","required":true},"project_ssh_keys":{"type":["list","string"],"description_kind":"plain","optional":true},"tags":{"type":["list","string"],"description_kind":"plain","optional":true},"termintation_time":{"type":"string","description_kind":"plain","computed":true},"user_ssh_keys":{"type":["list","string"],"description_kind":"plain","optional":true},"userdata":{"type":"string","description_kind":"plain","optional":true}},"description":"Parameters for devices provisioned from this request. You can find the parameter description from the [equinix_metal_device doc](device.md)","description_kind":"plain"},"min_items":1,"max_items":1},"timeouts":{"nesting_mode":"single","block":{"attributes":{"create":{"type":"string","description_kind":"plain","optional":true},"delete":{"type":"string","description_kind":"plain","optional":true}},"description_kind":"plain"}}},"description_kind":"plain"}},"equinix_metal_ssh_key":{"version":0,"block":{"attributes":{"created":{"type":"string","description":"The timestamp for when the SSH key was created","description_kind":"plain","computed":true},"fingerprint":{"type":"string","description":"The fingerprint of the SSH key","description_kind":"plain","computed":true},"id":{"type":"string","description_kind":"plain","optional":true,"computed":true},"name":{"type":"string","description":"The name of the SSH key for identification","description_kind":"plain","required":true},"owner_id":{"type":"string","description":"The UUID of the Equinix Metal API User who owns this key","description_kind":"plain","computed":true},"public_key":{"type":"string","description":"The public key. If this is a file, it","description_kind":"plain","required":true},"updated":{"type":"string","description":"The timestamp for the last time the SSH key was updated","description_kind":"plain","computed":true}},"description_kind":"plain"}},"equinix_metal_user_api_key":{"version":0,"block":{"attributes":{"description":{"type":"string","description":"Description string for the API key","description_kind":"plain","required":true},"id":{"type":"string","description_kind":"plain","optional":true,"computed":true},"read_only":{"type":"bool","description":"Flag indicating whether the API key shoud be read-only","description_kind":"plain","required":true},"token":{"type":"string","description":"API token for API clients","description_kind":"plain","computed":true,"sensitive":true},"user_id":{"type":"string","description":"UUID of user owning this key","description_kind":"plain","computed":true}},"description_kind":"plain"}},"equinix_metal_virtual_circuit":{"version":0,"block":{"attributes":{"connection_id":{"type":"string","description":"UUID of Connection where the VC is scoped to","description_kind":"plain","required":true},"customer_ip":{"type":"string","description":"The Customer IP address which the CSR switch will peer with. Will default to the other usable IP in the subnet.","description_kind":"plain","optional":true},"description":{"type":"string","description":"Description of the Virtual Circuit resource","description_kind":"plain","optional":true},"id":{"type":"string","description_kind":"plain","optional":true,"computed":true},"md5":{"type":"string","description":"The password that can be set for the VRF BGP peer","description_kind":"plain","optional":true,"sensitive":true},"metal_ip":{"type":"string","description":"The Metal IP address for the SVI (Switch Virtual Interface) of the VirtualCircuit. Will default to the first usable IP in the subnet.","description_kind":"plain","optional":true},"name":{"type":"string","description":"Name of the Virtual Circuit resource","description_kind":"plain","optional":true},"nni_vlan":{"type":"number","description":"Equinix Metal network-to-network VLAN ID (optional when the connection has mode=tunnel)","description_kind":"plain","optional":true},"nni_vnid":{"type":"number","description":"Nni VLAN ID parameter, see https://metal.equinix.com/developers/docs/networking/fabric/","description_kind":"plain","computed":true},"peer_asn":{"type":"number","description":"The BGP ASN of the peer. The same ASN may be the used across several VCs, but it cannot be the same as the local_asn of the VRF.","description_kind":"plain","optional":true},"port_id":{"type":"string","description":"UUID of the Connection Port where the VC is scoped to","description_kind":"plain","required":true},"project_id":{"type":"string","description":"UUID of the Project where the VC is scoped to","description_kind":"plain","required":true},"speed":{"type":"string","description":"Description of the Virtual Circuit speed. This is for information purposes and is computed when the connection type is shared.","description_kind":"plain","optional":true,"computed":true},"status":{"type":"string","description":"Status of the virtual circuit resource","description_kind":"plain","computed":true},"subnet":{"type":"string","description":"A subnet from one of the IP blocks associated with the VRF that we will help create an IP reservation for. Can only be either a /30 or /31.\n\t\t\t\t * For a /31 block, it will only have two IP addresses, which will be used for the metal_ip and customer_ip.\n\t\t\t\t * For a /30 block, it will have four IP addresses, but the first and last IP addresses are not usable. We will default to the first usable IP address for the metal_ip.","description_kind":"plain","optional":true},"tags":{"type":["list","string"],"description":"Tags attached to the virtual circuit","description_kind":"plain","optional":true},"vlan_id":{"type":"string","description":"UUID of the VLAN to associate","description_kind":"plain","optional":true},"vnid":{"type":"number","description":"VNID VLAN parameter, see https://metal.equinix.com/developers/docs/networking/fabric/","description_kind":"plain","computed":true},"vrf_id":{"type":"string","description":"UUID of the VRF to associate","description_kind":"plain","optional":true}},"description_kind":"plain"}},"equinix_metal_vlan":{"version":0,"block":{"attributes":{"description":{"type":"string","description":"Description string","description_kind":"plain","optional":true},"facility":{"type":"string","description":"Facility where to create the VLAN","description_kind":"plain","optional":true},"id":{"type":"string","description_kind":"plain","optional":true,"computed":true},"metro":{"type":"string","description_kind":"plain","optional":true},"project_id":{"type":"string","description":"ID of parent project","description_kind":"plain","required":true},"vxlan":{"type":"number","description":"VLAN ID, must be unique in metro","description_kind":"plain","optional":true,"computed":true}},"description_kind":"plain"}},"equinix_metal_vrf":{"version":0,"block":{"attributes":{"description":{"type":"string","description":"Description of the VRF","description_kind":"plain","optional":true},"id":{"type":"string","description_kind":"plain","optional":true,"computed":true},"ip_ranges":{"type":["set","string"],"description":"All IPv4 and IPv6 Ranges that will be available to BGP Peers. IPv4 addresses must be /8 or smaller with a minimum size of /29. IPv6 must be /56 or smaller with a minimum size of /64. Ranges must not overlap other ranges within the VRF.","description_kind":"plain","optional":true},"local_asn":{"type":"number","description":"The 4-byte ASN set on the VRF.","description_kind":"plain","optional":true,"computed":true},"metro":{"type":"string","description":"Metro Code","description_kind":"plain","required":true},"name":{"type":"string","description":"User-supplied name of the VRF, unique to the project","description_kind":"plain","required":true},"project_id":{"type":"string","description":"Project ID","description_kind":"plain","required":true}},"block_types":{"timeouts":{"nesting_mode":"single","block":{"attributes":{"create":{"type":"string","description_kind":"plain","optional":true},"delete":{"type":"string","description_kind":"plain","optional":true},"update":{"type":"string","description_kind":"plain","optional":true}},"description_kind":"plain"}}},"description_kind":"plain"}},"equinix_network_acl_template":{"version":0,"block":{"attributes":{"description":{"type":"string","description":"ACL template description, up to 200 characters","description_kind":"plain","optional":true},"device_acl_status":{"type":"string","description":"Status of ACL template provisioning process on a device, where template was applied","description_kind":"plain","computed":true},"device_details":{"type":["list",["object",{"acl_status":"string","name":"string","uuid":"string"}]],"description":"Device Details to which ACL template is assigned to. ","description_kind":"plain","computed":true},"device_id":{"type":"string","description":"Identifier of a network device where template was applied","description_kind":"plain","deprecated":true,"computed":true},"id":{"type":"string","description_kind":"plain","optional":true,"computed":true},"metro_code":{"type":"string","description":"ACL template location metro code","description_kind":"plain","deprecated":true,"optional":true},"name":{"type":"string","description":"ACL template name","description_kind":"plain","required":true},"uuid":{"type":"string","description":"Unique identifier of ACL template resource","description_kind":"plain","computed":true}},"block_types":{"inbound_rule":{"nesting_mode":"list","block":{"attributes":{"description":{"type":"string","description":"Inbound rule description, up to 200 characters","description_kind":"plain","optional":true},"dst_port":{"type":"string","description":"Inbound traffic destination ports. Either up to 10, comma separated ports or port range or any word","description_kind":"plain","required":true},"protocol":{"type":"string","description":"Inbound traffic protocol. One of: `IP`, `TCP`, `UDP`","description_kind":"plain","required":true},"sequence_number":{"type":"number","description":"Inbound rule sequence number","description_kind":"plain","computed":true},"source_type":{"type":"string","description":"Type of traffic source used in a given inbound rule","description_kind":"plain","deprecated":true,"computed":true},"src_port":{"type":"string","description":"Inbound traffic source ports. Either up to 10, comma separated ports or port range or any word","description_kind":"plain","required":true},"subnet":{"type":"string","description":"Inbound traffic source IP subnet in CIDR format","description_kind":"plain","optional":true},"subnets":{"type":["list","string"],"description":"Inbound traffic source IP subnets in CIDR format","description_kind":"plain","deprecated":true,"optional":true}},"description":"One or more rules to specify allowed inbound traffic. Rules are ordered, matching traffic rule stops processing subsequent ones.","description_kind":"plain"},"min_items":1}},"description":"Resource allows creation and management of Equinix Network Edge device Access Control List templates","description_kind":"plain"}},"equinix_network_bgp":{"version":0,"block":{"attributes":{"authentication_key":{"type":"string","description":"Shared key used for BGP peer authentication","description_kind":"plain","optional":true,"sensitive":true},"connection_id":{"type":"string","description":"Identifier of a connection established between network device and remote service provider that will be used for peering","description_kind":"plain","required":true},"device_id":{"type":"string","description":"Unique identifier of a network device that is a local peer in a given BGP peering configuration","description_kind":"plain","computed":true},"id":{"type":"string","description_kind":"plain","optional":true,"computed":true},"local_asn":{"type":"number","description":"Local ASN number","description_kind":"plain","required":true},"local_ip_address":{"type":"string","description":"IP address in CIDR format of a local device","description_kind":"plain","required":true},"provisioning_status":{"type":"string","description":"BGP peering configuration provisioning status","description_kind":"plain","computed":true},"remote_asn":{"type":"number","description":"Remote ASN number","description_kind":"plain","required":true},"remote_ip_address":{"type":"string","description":"IP address of remote peer","description_kind":"plain","required":true},"state":{"type":"string","description":"BGP peer state","description_kind":"plain","computed":true},"uuid":{"type":"string","description":"BGP peering configuration unique identifier","description_kind":"plain","computed":true}},"block_types":{"timeouts":{"nesting_mode":"single","block":{"attributes":{"create":{"type":"string","description_kind":"plain","optional":true}},"description_kind":"plain"}}},"description":"Resource allows creation and management of Equinix Network Edge BGP peering configurations","description_kind":"plain"}},"equinix_network_device":{"version":0,"block":{"attributes":{"account_number":{"type":"string","description":"Device billing account number","description_kind":"plain","required":true},"acl_template_id":{"type":"string","description":"Unique identifier of applied ACL template","description_kind":"plain","optional":true},"additional_bandwidth":{"type":"number","description":"Additional Internet bandwidth, in Mbps, that will be allocated to the device","description_kind":"plain","optional":true,"computed":true},"asn":{"type":"number","description":"Autonomous system number","description_kind":"plain","computed":true},"byol":{"type":"bool","description":"Boolean value that determines device licensing mode: bring your own license or subscription (default)","description_kind":"plain","optional":true},"cloud_init_file_id":{"type":"string","description":"Unique identifier of applied cloud init file","description_kind":"plain","optional":true},"core_count":{"type":"number","description":"Number of CPU cores used by device","description_kind":"plain","required":true},"hostname":{"type":"string","description":"Device hostname prefix","description_kind":"plain","optional":true,"computed":true},"ibx":{"type":"string","description":"Device location Equinix Business Exchange name","description_kind":"plain","computed":true},"id":{"type":"string","description_kind":"plain","optional":true,"computed":true},"interface":{"type":["list",["object",{"assigned_type":"string","id":"number","ip_address":"string","mac_address":"string","name":"string","operational_status":"string","status":"string","type":"string"}]],"description":"List of device interfaces","description_kind":"plain","computed":true},"interface_count":{"type":"number","description":"Number of network interfaces on a device. If not specified, default number for a given device type will be used","description_kind":"plain","optional":true,"computed":true},"license_file":{"type":"string","description":"Path to the license file that will be uploaded and applied on a device, applicable for some device types in BYOL licensing mode","description_kind":"plain","optional":true},"license_file_id":{"type":"string","description":"Unique identifier of applied license file","description_kind":"plain","optional":true,"computed":true},"license_status":{"type":"string","description":"Device license registration status","description_kind":"plain","computed":true},"license_token":{"type":"string","description":"License Token applicable for some device types in BYOL licensing mode","description_kind":"plain","optional":true},"metro_code":{"type":"string","description":"Device location metro code","description_kind":"plain","required":true},"mgmt_acl_template_uuid":{"type":"string","description":"Unique identifier of applied MGMT ACL template","description_kind":"plain","optional":true},"name":{"type":"string","description":"Device name","description_kind":"plain","required":true},"notifications":{"type":["set","string"],"description":"List of email addresses that will receive device status notifications","description_kind":"plain","required":true},"order_reference":{"type":"string","description":"Name/number used to identify device order on the invoice","description_kind":"plain","optional":true},"package_code":{"type":"string","description":"Device software package code","description_kind":"plain","required":true},"purchase_order_number":{"type":"string","description":"Purchase order number associated with a device order","description_kind":"plain","optional":true},"redundancy_type":{"type":"string","description":"Device redundancy type applicable for HA devices, either primary or secondary","description_kind":"plain","computed":true},"redundant_id":{"type":"string","description":"Unique identifier for a redundant device, applicable for HA device","description_kind":"plain","computed":true},"region":{"type":"string","description":"Device location region","description_kind":"plain","computed":true},"self_managed":{"type":"bool","description":"Boolean value that determines device management mode: self-managed or subscription (default)","description_kind":"plain","optional":true},"ssh_ip_address":{"type":"string","description":"IP address of SSH enabled interface on the device","description_kind":"plain","computed":true},"ssh_ip_fqdn":{"type":"string","description":"FQDN of SSH enabled interface on the device","description_kind":"plain","computed":true},"status":{"type":"string","description":"Device provisioning status","description_kind":"plain","computed":true},"term_length":{"type":"number","description":"Device term length","description_kind":"plain","required":true},"throughput":{"type":"number","description":"Device license throughput","description_kind":"plain","optional":true},"throughput_unit":{"type":"string","description":"Device license throughput unit (Mbps or Gbps)","description_kind":"plain","optional":true},"type_code":{"type":"string","description":"Device type code","description_kind":"plain","required":true},"uuid":{"type":"string","description":"Device unique identifier","description_kind":"plain","computed":true},"vendor_configuration":{"type":["map","string"],"description":"Map of vendor specific configuration parameters for a device (controller1, activationKey, managementType, siteId, systemIpAddress)","description_kind":"plain","optional":true,"computed":true},"version":{"type":"string","description":"Device software software version","description_kind":"plain","required":true},"wan_interface_id":{"type":"string","description":"device interface id picked for WAN","description_kind":"plain","optional":true},"zone_code":{"type":"string","description":"Device location zone code","description_kind":"plain","computed":true}},"block_types":{"cluster_details":{"nesting_mode":"list","block":{"attributes":{"cluster_id":{"type":"string","description":"The id of the cluster","description_kind":"plain","computed":true},"cluster_name":{"type":"string","description":"The name of the cluster device","description_kind":"plain","required":true},"num_of_nodes":{"type":"number","description":"The number of nodes in the cluster","description_kind":"plain","computed":true}},"block_types":{"node0":{"nesting_mode":"list","block":{"attributes":{"license_file_id":{"type":"string","description":"License file id. This is necessary for Fortinet and Juniper clusters","description_kind":"plain","optional":true},"license_token":{"type":"string","description":"License token. This is necessary for Palo Alto clusters","description_kind":"plain","optional":true,"sensitive":true},"name":{"type":"string","description":"The name of the node","description_kind":"plain","computed":true},"uuid":{"type":"string","description":"The unique id of the node","description_kind":"plain","computed":true}},"block_types":{"vendor_configuration":{"nesting_mode":"list","block":{"attributes":{"activation_key":{"type":"string","description":"Activation key. This is required for Velocloud clusters","description_kind":"plain","optional":true,"sensitive":true},"admin_password":{"type":"string","description":"The administrative password of the device. You can use it to log in to the console. This field is not available for all device types","description_kind":"plain","optional":true,"computed":true,"sensitive":true},"controller1":{"type":"string","description":"System IP Address. Mandatory for the Fortinet SDWAN cluster device","description_kind":"plain","optional":true},"controller_fqdn":{"type":"string","description":"Controller fqdn. This is required for Velocloud clusters","description_kind":"plain","optional":true},"hostname":{"type":"string","description":"Hostname. This is necessary for Palo Alto, Juniper, and Fortinet clusters","description_kind":"plain","optional":true},"root_password":{"type":"string","description":"The CLI password of the device. This field is relevant only for the Velocloud SDWAN cluster","description_kind":"plain","optional":true,"sensitive":true}},"description":"An object that has fields relevant to the vendor of the cluster device","description_kind":"plain"},"max_items":1}},"description":"An object that has node0 details","description_kind":"plain"},"min_items":1,"max_items":1},"node1":{"nesting_mode":"list","block":{"attributes":{"license_file_id":{"type":"string","description":"License file id. This is necessary for Fortinet and Juniper clusters","description_kind":"plain","optional":true},"license_token":{"type":"string","description":"License token. This is necessary for Palo Alto clusters","description_kind":"plain","optional":true,"sensitive":true},"name":{"type":"string","description":"The name of the node","description_kind":"plain","computed":true},"uuid":{"type":"string","description":"The unique id of the node","description_kind":"plain","computed":true}},"block_types":{"vendor_configuration":{"nesting_mode":"list","block":{"attributes":{"activation_key":{"type":"string","description":"Activation key. This is required for Velocloud clusters","description_kind":"plain","optional":true,"sensitive":true},"admin_password":{"type":"string","description":"The administrative password of the device. You can use it to log in to the console. This field is not available for all device types","description_kind":"plain","optional":true,"computed":true,"sensitive":true},"controller1":{"type":"string","description":"System IP Address. Mandatory for the Fortinet SDWAN cluster device","description_kind":"plain","optional":true},"controller_fqdn":{"type":"string","description":"Controller fqdn. This is required for Velocloud clusters","description_kind":"plain","optional":true},"hostname":{"type":"string","description":"Hostname. This is necessary for Palo Alto, Juniper, and Fortinet clusters","description_kind":"plain","optional":true},"root_password":{"type":"string","description":"The CLI password of the device. This field is relevant only for the Velocloud SDWAN cluster","description_kind":"plain","optional":true,"sensitive":true}},"description":"An object that has fields relevant to the vendor of the cluster device","description_kind":"plain"},"max_items":1}},"description":"An object that has node1 details","description_kind":"plain"},"min_items":1,"max_items":1}},"description":"An object that has the cluster details","description_kind":"plain"},"max_items":1},"secondary_device":{"nesting_mode":"list","block":{"attributes":{"account_number":{"type":"string","description":"Device billing account number","description_kind":"plain","required":true},"acl_template_id":{"type":"string","description":"Unique identifier of applied ACL template","description_kind":"plain","optional":true},"additional_bandwidth":{"type":"number","description":"Additional Internet bandwidth, in Mbps, that will be allocated to the device","description_kind":"plain","optional":true,"computed":true},"asn":{"type":"number","description":"Autonomous system number","description_kind":"plain","computed":true},"cloud_init_file_id":{"type":"string","description":"Unique identifier of applied cloud init file","description_kind":"plain","optional":true},"hostname":{"type":"string","description":"Device hostname prefix","description_kind":"plain","optional":true},"ibx":{"type":"string","description":"Device location Equinix Business Exchange name","description_kind":"plain","computed":true},"interface":{"type":["list",["object",{"assigned_type":"string","id":"number","ip_address":"string","mac_address":"string","name":"string","operational_status":"string","status":"string","type":"string"}]],"description":"List of device interfaces","description_kind":"plain","computed":true},"license_file":{"type":"string","description":"Path to the license file that will be uploaded and applied on a device, applicable for some device types in BYOL licensing mode","description_kind":"plain","optional":true},"license_file_id":{"type":"string","description":"Unique identifier of applied license file","description_kind":"plain","optional":true,"computed":true},"license_status":{"type":"string","description":"Device license registration status","description_kind":"plain","computed":true},"license_token":{"type":"string","description":"License Token applicable for some device types in BYOL licensing mode","description_kind":"plain","optional":true},"metro_code":{"type":"string","description":"Device location metro code","description_kind":"plain","required":true},"mgmt_acl_template_uuid":{"type":"string","description":"Unique identifier of applied MGMT ACL template","description_kind":"plain","optional":true},"name":{"type":"string","description":"Device name","description_kind":"plain","required":true},"notifications":{"type":["set","string"],"description":"List of email addresses that will receive device status notifications","description_kind":"plain","required":true},"redundancy_type":{"type":"string","description":"Device redundancy type applicable for HA devices, either primary or secondary","description_kind":"plain","computed":true},"redundant_id":{"type":"string","description":"Unique identifier for a redundant device, applicable for HA device","description_kind":"plain","computed":true},"region":{"type":"string","description":"Device location region","description_kind":"plain","computed":true},"ssh_ip_address":{"type":"string","description":"IP address of SSH enabled interface on the device","description_kind":"plain","computed":true},"ssh_ip_fqdn":{"type":"string","description":"FQDN of SSH enabled interface on the device","description_kind":"plain","computed":true},"status":{"type":"string","description":"Device provisioning status","description_kind":"plain","computed":true},"uuid":{"type":"string","description":"Device unique identifier","description_kind":"plain","computed":true},"vendor_configuration":{"type":["map","string"],"description":"Map of vendor specific configuration parameters for a device (controller1, activationKey, managementType, siteId, systemIpAddress)","description_kind":"plain","optional":true,"computed":true},"wan_interface_id":{"type":"string","description":"device interface id picked for WAN","description_kind":"plain","optional":true},"zone_code":{"type":"string","description":"Device location zone code","description_kind":"plain","computed":true}},"block_types":{"ssh_key":{"nesting_mode":"set","block":{"attributes":{"key_name":{"type":"string","description":"Reference by name to previously provisioned public SSH key","description_kind":"plain","required":true},"username":{"type":"string","description":"Username associated with given key","description_kind":"plain","required":true}},"description":"Definition of SSH key that will be provisioned on a device","description_kind":"plain"},"max_items":1}},"description":"Definition of secondary device applicable for HA setup","description_kind":"plain"},"max_items":1},"ssh_key":{"nesting_mode":"set","block":{"attributes":{"key_name":{"type":"string","description":"Reference by name to previously provisioned public SSH key","description_kind":"plain","required":true},"username":{"type":"string","description":"Username associated with given key","description_kind":"plain","required":true}},"description":"Definition of SSH key that will be provisioned on a device","description_kind":"plain"},"max_items":1},"timeouts":{"nesting_mode":"single","block":{"attributes":{"create":{"type":"string","description_kind":"plain","optional":true},"delete":{"type":"string","description_kind":"plain","optional":true},"update":{"type":"string","description_kind":"plain","optional":true}},"description_kind":"plain"}}},"description":"Resource allows creation and management of Equinix Network Edge virtual devices","description_kind":"plain"}},"equinix_network_device_link":{"version":0,"block":{"attributes":{"id":{"type":"string","description_kind":"plain","optional":true,"computed":true},"name":{"type":"string","description":"name","description_kind":"plain","required":true},"status":{"type":"string","description":"Device link provisioning status","description_kind":"plain","computed":true},"subnet":{"type":"string","description":"subnet","description_kind":"plain","optional":true},"uuid":{"type":"string","description":"Device link unique identifier","description_kind":"plain","computed":true}},"block_types":{"device":{"nesting_mode":"set","block":{"attributes":{"asn":{"type":"number","description":"Device ASN number","description_kind":"plain","optional":true},"id":{"type":"string","description":"Device identifier","description_kind":"plain","required":true},"interface_id":{"type":"number","description":"Device network interface identifier to use for device link connection","description_kind":"plain","optional":true},"ip_address":{"type":"string","description":"Assigned IP address from device link subnet","description_kind":"plain","computed":true},"status":{"type":"string","description":"Device link connection provisioning status","description_kind":"plain","computed":true}},"description_kind":"plain"},"min_items":2},"link":{"nesting_mode":"set","block":{"attributes":{"account_number":{"type":"string","description":"Billing account number to be used for connection charges","description_kind":"plain","required":true},"dst_metro_code":{"type":"string","description":"Connection destination metro code","description_kind":"plain","required":true},"dst_zone_code":{"type":"string","description":"Connection destination zone code","description_kind":"plain","deprecated":true,"optional":true},"src_metro_code":{"type":"string","description":"Connection source metro code","description_kind":"plain","required":true},"src_zone_code":{"type":"string","description":"Connection source zone code","description_kind":"plain","deprecated":true,"optional":true},"throughput":{"type":"string","description":"Connection throughput","description_kind":"plain","required":true},"throughput_unit":{"type":"string","description":"Connection throughput unit","description_kind":"plain","required":true}},"description":"link","description_kind":"plain"}},"timeouts":{"nesting_mode":"single","block":{"attributes":{"create":{"type":"string","description_kind":"plain","optional":true},"delete":{"type":"string","description_kind":"plain","optional":true}},"description_kind":"plain"}}},"description":"Resource allows creation and management of Equinix Network Edge device links","description_kind":"plain"}},"equinix_network_file":{"version":0,"block":{"attributes":{"byol":{"type":"bool","description":"Boolean value that determines device licensing mode: bring your own license or subscription","description_kind":"plain","required":true},"content":{"type":"string","description":"Uploaded file content, expected to be a UTF-8 encoded string","description_kind":"plain","required":true,"sensitive":true},"device_type_code":{"type":"string","description":"Device type code","description_kind":"plain","required":true},"file_name":{"type":"string","description":"File name","description_kind":"plain","required":true},"id":{"type":"string","description_kind":"plain","optional":true,"computed":true},"metro_code":{"type":"string","description":"File upload location metro code","description_kind":"plain","required":true},"process_type":{"type":"string","description":"File process type (LICENSE or CLOUD_INIT)","description_kind":"plain","required":true},"self_managed":{"type":"bool","description":"Boolean value that determines device management mode: self-managed or equinix-managed","description_kind":"plain","required":true},"status":{"type":"string","description":"File upload status","description_kind":"plain","computed":true},"uuid":{"type":"string","description":"Unique identifier of file resource","description_kind":"plain","computed":true}},"description":"Resource allows creation and management of Equinix Network Edge device files","description_kind":"plain"}},"equinix_network_ssh_key":{"version":0,"block":{"attributes":{"id":{"type":"string","description_kind":"plain","optional":true,"computed":true},"name":{"type":"string","description":"The name of SSH key used for identification","description_kind":"plain","required":true},"public_key":{"type":"string","description":"The SSH public key. If this is a file, it can be read using the file interpolation function","description_kind":"plain","required":true},"uuid":{"type":"string","description":"The unique identifier of the key","description_kind":"plain","computed":true}},"block_types":{"timeouts":{"nesting_mode":"single","block":{"attributes":{"create":{"type":"string","description_kind":"plain","optional":true}},"description_kind":"plain"}}},"description":"Resource allows creation and management of Equinix Network Edge SSH keys","description_kind":"plain"}},"equinix_network_ssh_user":{"version":0,"block":{"attributes":{"device_ids":{"type":["set","string"],"description":"list of device identifiers to which user will have access","description_kind":"plain","required":true},"id":{"type":"string","description_kind":"plain","optional":true,"computed":true},"password":{"type":"string","description":"SSH user password","description_kind":"plain","required":true,"sensitive":true},"username":{"type":"string","description":"SSH user login name","description_kind":"plain","required":true},"uuid":{"type":"string","description":"SSH user unique identifier","description_kind":"plain","computed":true}},"description":"Resource allows creation and management of Equinix Network Edge SSH users","description_kind":"plain"}}},"data_source_schemas":{"equinix_ecx_l2_sellerprofile":{"version":0,"block":{"attributes":{"additional_info":{"type":["set",["object",{"captured_in_email":"bool","data_type":"string","description":"string","mandatory":"bool","name":"string"}]],"description":"One or more specifications of additional buyer information attributes that can be provided in connection definition that uses given seller profile","description_kind":"plain","computed":true},"description":{"type":"string","description":"Seller Profile text description","description_kind":"plain","computed":true},"encapsulation":{"type":"string","description":"Seller profile's encapsulation (either Dot1q or QinQ)","description_kind":"plain","computed":true},"id":{"type":"string","description_kind":"plain","optional":true,"computed":true},"metro":{"type":["set",["object",{"code":"string","ibxes":["set","string"],"name":"string","regions":["map","string"]}]],"description":"One or more specifications of metro locations supported by seller profile","description_kind":"plain","computed":true},"name":{"type":"string","description":"Name of the seller profile","description_kind":"plain","optional":true,"computed":true},"organization_global_name":{"type":"string","description":"Name of seller's global organization","description_kind":"plain","optional":true,"computed":true},"organization_name":{"type":"string","description":"Name of seller's organization","description_kind":"plain","optional":true,"computed":true},"redundancy_required":{"type":"bool","description":"Boolean that indicate if seller requires connections to be redundant","description_kind":"plain","computed":true},"speed_band":{"type":["set",["object",{"speed":"number","speed_unit":"string"}]],"description":"One or more specifications of speed/bandwidth supported by given seller profile","description_kind":"plain","computed":true},"speed_customization_allowed":{"type":"bool","description":"Boolean that indicates if seller allows customer to enter a custom connection speed","description_kind":"plain","computed":true},"speed_from_api":{"type":"bool","description":"Boolean that indicates if seller is deriving connection speed from an API call","description_kind":"plain","computed":true},"uuid":{"type":"string","description":"Unique identifier of the seller profile","description_kind":"plain","computed":true}},"description":"Use this data source to get details of Equinix Fabric layer 2 seller profile with a given name and / or organization","description_kind":"plain"}},"equinix_ecx_l2_sellerprofiles":{"version":0,"block":{"attributes":{"id":{"type":"string","description_kind":"plain","optional":true,"computed":true},"metro_codes":{"type":["set","string"],"description":"List of metro codes of locations that should be served by resulting profiles","description_kind":"plain","optional":true},"name_regex":{"type":"string","description":"A regex string to apply on returned seller profile names and filter search results","description_kind":"plain","optional":true},"organization_global_name":{"type":"string","description":"Name of seller's global organization","description_kind":"plain","optional":true},"organization_name":{"type":"string","description":"Name of seller's organization","description_kind":"plain","optional":true},"profiles":{"type":["list",["object",{"additional_info":["set",["object",{"captured_in_email":"bool","data_type":"string","description":"string","mandatory":"bool","name":"string"}]],"description":"string","encapsulation":"string","metro":["set",["object",{"code":"string","ibxes":["set","string"],"name":"string","regions":["map","string"]}]],"name":"string","organization_global_name":"string","organization_name":"string","redundancy_required":"bool","speed_band":["set",["object",{"speed":"number","speed_unit":"string"}]],"speed_customization_allowed":"bool","speed_from_api":"bool","uuid":"string"}]],"description":"Resulting list of profiles that match filtering criteria","description_kind":"plain","computed":true},"speed_bands":{"type":["set","string"],"description":"List of speed bands that should be supported by resulting profiles","description_kind":"plain","optional":true}},"description":"Use this data source to get list of Equinix Fabric layer 2 seller profiles","description_kind":"plain"}},"equinix_ecx_port":{"version":0,"block":{"attributes":{"bandwidth":{"type":"string","description":"Port Bandwidth in bytes","description_kind":"plain","computed":true},"buyout":{"type":"bool","description":"Boolean value that indicates whether the port supports unlimited connections.","description_kind":"plain","computed":true},"encapsulation":{"type":"string","description":"The VLAN encapsulation of the port (Dot1q or QinQ)","description_kind":"plain","computed":true},"ibx":{"type":"string","description":"Port location Equinix Business Exchange (IBX)","description_kind":"plain","computed":true},"id":{"type":"string","description_kind":"plain","optional":true,"computed":true},"metro_code":{"type":"string","description":"Port location metro code","description_kind":"plain","computed":true},"name":{"type":"string","description":"Name of the port","description_kind":"plain","required":true},"priority":{"type":"string","description":"The priority of the device (primary / secondary) where the port resides","description_kind":"plain","computed":true},"region":{"type":"string","description":"Port location region","description_kind":"plain","computed":true},"status":{"type":"string","description":"Port status that indicates whether a port has been assigned or is ready for connection","description_kind":"plain","computed":true},"uuid":{"type":"string","description":"Unique identifier of the por","description_kind":"plain","computed":true}},"description":"Use this data source to get details of Equinix Fabric port with a given name","description_kind":"plain"}},"equinix_fabric_connection":{"version":0,"block":{"attributes":{"a_side":{"type":["set",["object",{"access_point":["set",["object",{"account":["set",["object",{"account_name":"string","account_number":"number","global_cust_id":"string","global_org_id":"string","global_organization_name":"string","org_id":"number","organization_name":"string"}]],"authentication_key":"string","gateway":["set",["object",{"href":"string","state":"string","uuid":"string"}]],"interface":["set",["object",{"id":"string","type":"string","uuid":"string"}]],"link_protocol":["set",["object",{"type":"string","vlan_c_tag":"number","vlan_s_tag":"number","vlan_tag":"number"}]],"location":["set",["object",{"href":"string","ibx":"string","metro_code":"string","metro_name":"string","region":"string"}]],"peering_type":"string","port":["set",["object",{"href":"string","name":"string","redundancy":["set",["object",{"priority":"string"}]],"uuid":"string"}]],"profile":["set",["object",{"access_point_type_configs":["list",["object",{"allow_bandwidth_auto_approval":"bool","allow_bandwidth_upgrade":"bool","allow_custom_bandwidth":"bool","allow_remote_connections":"bool","api_config":["set",["object",{"allow_over_subscription":"bool","api_available":"bool","bandwidth_from_api":"bool","equinix_managed_port":"bool","equinix_managed_vlan":"bool","integration_id":"string","over_subscription_limit":"number"}]],"authentication_key":["set",["object",{"description":"string","label":"string","required":"bool"}]],"bandwidth_alert_threshold":"number","connection_label":"string","connection_redundancy_required":"bool","enable_auto_generate_service_key":"bool","link_protocol_config":["set",["object",{"encapsulation":"string","encapsulation_strategy":"string","reuse_vlan_s_tag":"bool"}]],"supported_bandwidths":["list","number"],"type":"string","uuid":"string"}]],"description":"string","href":"string","name":"string","type":"string","uuid":"string"}]],"provider_connection_id":"string","seller_region":"string","type":"string","virtual_device":["set",["object",{"href":"string","type":"string","uuid":"string"}]]}]],"service_token":["set",["object",{"description":"string","href":"string","type":"string","uuid":"string"}]]}]],"description":"Requester or Customer side connection configuration object of the multi-segment connection","description_kind":"plain","computed":true},"account":{"type":["set",["object",{"account_name":"string","account_number":"number","global_cust_id":"string","global_org_id":"string","global_organization_name":"string","org_id":"number","organization_name":"string"}]],"description":"Customer account information that is associated with this connection","description_kind":"plain","computed":true},"additional_info":{"type":["list",["object",{"key":"string","value":"string"}]],"description":"Connection additional information","description_kind":"plain","computed":true},"bandwidth":{"type":"number","description":"Connection bandwidth in Mbps","description_kind":"plain","computed":true},"change_log":{"type":["set",["object",{"created_by":"string","created_by_email":"string","created_by_full_name":"string","created_date_time":"string","deleted_by":"string","deleted_by_email":"string","deleted_by_full_name":"string","deleted_date_time":"string","updated_by":"string","updated_by_email":"string","updated_by_full_name":"string","updated_date_time":"string"}]],"description":"Captures connection lifecycle change information","description_kind":"plain","computed":true},"description":{"type":"string","description":"Customer-provided connection description","description_kind":"plain","computed":true},"direction":{"type":"string","description":"Connection directionality from the requester point of view","description_kind":"plain","computed":true},"href":{"type":"string","description":"Connection URI information","description_kind":"plain","computed":true},"id":{"type":"string","description_kind":"plain","optional":true,"computed":true},"is_remote":{"type":"bool","description":"Connection property derived from access point locations","description_kind":"plain","computed":true},"name":{"type":"string","description":"Connection name. An alpha-numeric 24 characters string which can include only hyphens and underscores","description_kind":"plain","computed":true},"notifications":{"type":["list",["object",{"emails":["list","string"],"send_interval":"string","type":"string"}]],"description":"Preferences for notifications on connection configuration or status changes","description_kind":"plain","computed":true},"operation":{"type":["set",["object",{"equinix_status":"string","errors":["list",["object",{"additional_info":["list",["object",{"property":"string","reason":"string"}]],"correlation_id":"string","details":"string","error_code":"string","error_message":"string","help":"string"}]],"provider_status":"string"}]],"description":"Connection specific operational data","description_kind":"plain","computed":true},"order":{"type":["set",["object",{"billing_tier":"string","order_id":"string","order_number":"string","purchase_order_number":"string"}]],"description":"Order related to this connection information","description_kind":"plain","computed":true},"redundancy":{"type":["set",["object",{"group":"string","priority":"string"}]],"description":"Redundancy Information","description_kind":"plain","computed":true},"state":{"type":"string","description":"Connection overall state","description_kind":"plain","computed":true},"type":{"type":"string","description":"Defines the connection type like VG_VC, EVPL_VC, EPL_VC, EC_VC, GW_VC, ACCESS_EPL_VC","description_kind":"plain","computed":true},"uuid":{"type":"string","description":"Equinix-assigned connection identifier","description_kind":"plain","optional":true},"z_side":{"type":["set",["object",{"access_point":["set",["object",{"account":["set",["object",{"account_name":"string","account_number":"number","global_cust_id":"string","global_org_id":"string","global_organization_name":"string","org_id":"number","organization_name":"string"}]],"authentication_key":"string","gateway":["set",["object",{"href":"string","state":"string","uuid":"string"}]],"interface":["set",["object",{"id":"string","type":"string","uuid":"string"}]],"link_protocol":["set",["object",{"type":"string","vlan_c_tag":"number","vlan_s_tag":"number","vlan_tag":"number"}]],"location":["set",["object",{"href":"string","ibx":"string","metro_code":"string","metro_name":"string","region":"string"}]],"peering_type":"string","port":["set",["object",{"href":"string","name":"string","redundancy":["set",["object",{"priority":"string"}]],"uuid":"string"}]],"profile":["set",["object",{"access_point_type_configs":["list",["object",{"allow_bandwidth_auto_approval":"bool","allow_bandwidth_upgrade":"bool","allow_custom_bandwidth":"bool","allow_remote_connections":"bool","api_config":["set",["object",{"allow_over_subscription":"bool","api_available":"bool","bandwidth_from_api":"bool","equinix_managed_port":"bool","equinix_managed_vlan":"bool","integration_id":"string","over_subscription_limit":"number"}]],"authentication_key":["set",["object",{"description":"string","label":"string","required":"bool"}]],"bandwidth_alert_threshold":"number","connection_label":"string","connection_redundancy_required":"bool","enable_auto_generate_service_key":"bool","link_protocol_config":["set",["object",{"encapsulation":"string","encapsulation_strategy":"string","reuse_vlan_s_tag":"bool"}]],"supported_bandwidths":["list","number"],"type":"string","uuid":"string"}]],"description":"string","href":"string","name":"string","type":"string","uuid":"string"}]],"provider_connection_id":"string","seller_region":"string","type":"string","virtual_device":["set",["object",{"href":"string","type":"string","uuid":"string"}]]}]],"service_token":["set",["object",{"description":"string","href":"string","type":"string","uuid":"string"}]]}]],"description":"Destination or Provider side connection configuration object of the multi-segment connection","description_kind":"plain","computed":true}},"block_types":{"project":{"nesting_mode":"set","block":{"attributes":{"href":{"type":"string","description":"Unique Resource URL","description_kind":"plain","computed":true},"project_id":{"type":"string","description":"Project Id","description_kind":"plain","computed":true}},"description":"Project information","description_kind":"plain"}}},"description":"Fabric V4 API compatible data resource that allow user to fetch connection for a given UUID\n\n~\u003e **Note** Equinix Fabric v4 resources and datasources are currently in Beta. The interfaces related to `equinix_fabric_` resources and datasources may change ahead of general availability. Please, do not hesitate to report any problems that you experience by opening a new [issue](https://github.com/equinix/terraform-provider-equinix/issues/new?template=bug.md)","description_kind":"plain"}},"equinix_fabric_port":{"version":0,"block":{"attributes":{"account":{"type":["set",["object",{"account_name":"string","account_number":"number","global_cust_id":"string","global_org_id":"string","global_organization_name":"string","org_id":"number","organization_name":"string"}]],"description":"Customer account information that is associated with this port","description_kind":"plain","computed":true},"available_bandwidth":{"type":"number","description":"Port available bandwidth in Mbps","description_kind":"plain","computed":true},"bandwidth":{"type":"number","description":"Port bandwidth in Mbps","description_kind":"plain","computed":true},"change_log":{"type":["set",["object",{"created_by":"string","created_by_email":"string","created_by_full_name":"string","created_date_time":"string","deleted_by":"string","deleted_by_email":"string","deleted_by_full_name":"string","deleted_date_time":"string","updated_by":"string","updated_by_email":"string","updated_by_full_name":"string","updated_date_time":"string"}]],"description":"Captures port lifecycle change information","description_kind":"plain","computed":true},"description":{"type":"string","description":"Port description","description_kind":"plain","computed":true},"device":{"type":["set",["object",{"name":"string","redundancy":["set",["object",{"group":"string","priority":"string"}]]}]],"description":"Port device","description_kind":"plain","computed":true},"encapsulation":{"type":["set",["object",{"tag_protocol_id":"string","type":"string"}]],"description":"Port encapsulation protocol","description_kind":"plain","computed":true},"href":{"type":"string","description":"Port URI information","description_kind":"plain","computed":true},"id":{"type":"string","description_kind":"plain","optional":true,"computed":true},"lag":{"type":["set",["object",{"enabled":"bool","id":"string","member_status":"string","name":"string"}]],"description":"Port Lag","description_kind":"plain","computed":true},"location":{"type":["set",["object",{"href":"string","ibx":"string","metro_code":"string","metro_name":"string","region":"string"}]],"description":"Port location information","description_kind":"plain","computed":true},"name":{"type":"string","description":"Port name","description_kind":"plain","computed":true},"operation":{"type":["set",["object",{"connection_count":"number","op_status_changed_at":"string","operational_status":"string"}]],"description":"Port specific operational data","description_kind":"plain","computed":true},"redundancy":{"type":["set",["object",{"enabled":"bool","group":"number","priority":"string"}]],"description":"Port redundancy information","description_kind":"plain","computed":true},"service_type":{"type":"string","description":"Port service type","description_kind":"plain","computed":true},"state":{"type":"string","description":"Port state","description_kind":"plain","computed":true},"type":{"type":"string","description":"Port type","description_kind":"plain","computed":true},"used_bandwidth":{"type":"number","description":"Port used bandwidth in Mbps","description_kind":"plain","computed":true},"uuid":{"type":"string","description":"Equinix-assigned port identifier","description_kind":"plain","required":true}},"description":"Fabric V4 API compatible data resource that allow user to fetch port by uuid\n\n~\u003e **Note** Equinix Fabric v4 resources and datasources are currently in Beta. The interfaces related to `equinix_fabric_` resources and datasources may change ahead of general availability. Please, do not hesitate to report any problems that you experience by opening a new [issue](https://github.com/equinix/terraform-provider-equinix/issues/new?template=bug.md)","description_kind":"plain"}},"equinix_fabric_ports":{"version":0,"block":{"attributes":{"data":{"type":["list",["object",{"account":["set",["object",{"account_name":"string","account_number":"number","global_cust_id":"string","global_org_id":"string","global_organization_name":"string","org_id":"number","organization_name":"string"}]],"available_bandwidth":"number","bandwidth":"number","change_log":["set",["object",{"created_by":"string","created_by_email":"string","created_by_full_name":"string","created_date_time":"string","deleted_by":"string","deleted_by_email":"string","deleted_by_full_name":"string","deleted_date_time":"string","updated_by":"string","updated_by_email":"string","updated_by_full_name":"string","updated_date_time":"string"}]],"description":"string","device":["set",["object",{"name":"string","redundancy":["set",["object",{"group":"string","priority":"string"}]]}]],"encapsulation":["set",["object",{"tag_protocol_id":"string","type":"string"}]],"href":"string","lag":["set",["object",{"enabled":"bool","id":"string","member_status":"string","name":"string"}]],"location":["set",["object",{"href":"string","ibx":"string","metro_code":"string","metro_name":"string","region":"string"}]],"name":"string","operation":["set",["object",{"connection_count":"number","op_status_changed_at":"string","operational_status":"string"}]],"redundancy":["set",["object",{"enabled":"bool","group":"number","priority":"string"}]],"service_type":"string","state":"string","type":"string","used_bandwidth":"number","uuid":"string"}]],"description":"List of  Ports","description_kind":"plain","computed":true},"id":{"type":"string","description_kind":"plain","optional":true,"computed":true}},"block_types":{"filters":{"nesting_mode":"set","block":{"attributes":{"name":{"type":"string","description":"Query Parameter to Get Ports By Name","description_kind":"plain","optional":true}},"description":"name","description_kind":"plain"}}},"description":"Fabric V4 API compatible data resource that allow user to fetch port by name\n\n~\u003e **Note** Equinix Fabric v4 resources and datasources are currently in Beta. The interfaces related to `equinix_fabric_` resources and datasources may change ahead of general availability. Please, do not hesitate to report any problems that you experience by opening a new [issue](https://github.com/equinix/terraform-provider-equinix/issues/new?template=bug.md)","description_kind":"plain"}},"equinix_fabric_service_profile":{"version":0,"block":{"attributes":{"access_point_type_configs":{"type":["list",["object",{"allow_bandwidth_auto_approval":"bool","allow_bandwidth_upgrade":"bool","allow_custom_bandwidth":"bool","allow_remote_connections":"bool","api_config":["set",["object",{"allow_over_subscription":"bool","api_available":"bool","bandwidth_from_api":"bool","equinix_managed_port":"bool","equinix_managed_vlan":"bool","integration_id":"string","over_subscription_limit":"number"}]],"authentication_key":["set",["object",{"description":"string","label":"string","required":"bool"}]],"bandwidth_alert_threshold":"number","connection_label":"string","connection_redundancy_required":"bool","enable_auto_generate_service_key":"bool","link_protocol_config":["set",["object",{"encapsulation":"string","encapsulation_strategy":"string","reuse_vlan_s_tag":"bool"}]],"supported_bandwidths":["list","number"],"type":"string","uuid":"string"}]],"description":"Access point config information","description_kind":"plain","computed":true},"account":{"type":["set",["object",{"account_name":"string","account_number":"number","global_cust_id":"string","global_org_id":"string","global_organization_name":"string","org_id":"number","organization_name":"string","ucm_id":"string"}]],"description":"Account","description_kind":"plain","computed":true},"allowed_emails":{"type":["list","string"],"description":"Array of contact emails","description_kind":"plain","computed":true},"change_log":{"type":["set",["object",{"created_by":"string","created_by_email":"string","created_by_full_name":"string","created_date_time":"string","deleted_by":"string","deleted_by_email":"string","deleted_by_full_name":"string","deleted_date_time":"string","updated_by":"string","updated_by_email":"string","updated_by_full_name":"string","updated_date_time":"string"}]],"description":"Captures connection lifecycle change information","description_kind":"plain","computed":true},"custom_fields":{"type":["list",["object",{"capture_in_email":"bool","data_type":"string","description":"string","label":"string","options":["list","string"],"required":"bool"}]],"description":"Custom Fields","description_kind":"plain","computed":true},"description":{"type":"string","description":"User-provided service description","description_kind":"plain","computed":true},"href":{"type":"string","description":"Service Profile URI response attribute","description_kind":"plain","computed":true},"id":{"type":"string","description_kind":"plain","optional":true,"computed":true},"marketing_info":{"type":["set",["object",{"logo":"string","process_step":["list",["object",{"description":"string","sub_title":"string","title":"string"}]],"promotion":"bool"}]],"description":"Marketing Info","description_kind":"plain","computed":true},"metros":{"type":["list",["object",{"code":"string","display_name":"string","ibxs":["list","string"],"in_trail":"bool","name":"string","seller_regions":["map","string"]}]],"description":"Access point config information","description_kind":"plain","computed":true},"name":{"type":"string","description":"Customer-assigned service profile name","description_kind":"plain","computed":true},"notifications":{"type":["list",["object",{"emails":["list","string"],"send_interval":"string","type":"string"}]],"description":"Preferences for notifications on connection configuration or status changes","description_kind":"plain","computed":true},"ports":{"type":["list",["object",{"cross_connect_id":"string","location":["set",["object",{"ibx":"string","metro_code":"string","metro_name":"string","region":"string"}]],"seller_region":"string","seller_region_description":"string","type":"string","uuid":"string"}]],"description":"Ports","description_kind":"plain","computed":true},"project":{"type":["set",["object",{"href":"string","project_id":"string"}]],"description":"Project information","description_kind":"plain","computed":true},"self_profile":{"type":"bool","description":"Self Profile indicating if the profile is created for customer's  self use","description_kind":"plain","computed":true},"state":{"type":"string","description":"Service profile state - ACTIVE, PENDING_APPROVAL, DELETED, REJECTED","description_kind":"plain","optional":true},"tags":{"type":["set","string"],"description":"Tags attached to the connection","description_kind":"plain","computed":true},"type":{"type":"string","description":"Service profile type - L2_PROFILE, L3_PROFILE, ECIA_PROFILE, ECMC_PROFILE","description_kind":"plain","computed":true},"uuid":{"type":"string","description":"Equinix assigned service profile identifier","description_kind":"plain","required":true},"visibility":{"type":"string","description":"Service profile visibility - PUBLIC, PRIVATE","description_kind":"plain","computed":true}},"description":"Fabric V4 API compatible data resource that allow user to fetch Service Profile by UUID filter criteria\n\n~\u003e **Note** Equinix Fabric v4 resources and datasources are currently in Beta. The interfaces related to `equinix_fabric_` resources and datasources may change ahead of general availability","description_kind":"plain"}},"equinix_fabric_service_profiles":{"version":0,"block":{"attributes":{"data":{"type":["list",["object",{"access_point_type_configs":["list",["object",{"allow_bandwidth_auto_approval":"bool","allow_bandwidth_upgrade":"bool","allow_custom_bandwidth":"bool","allow_remote_connections":"bool","api_config":["set",["object",{"allow_over_subscription":"bool","api_available":"bool","bandwidth_from_api":"bool","equinix_managed_port":"bool","equinix_managed_vlan":"bool","integration_id":"string","over_subscription_limit":"number"}]],"authentication_key":["set",["object",{"description":"string","label":"string","required":"bool"}]],"bandwidth_alert_threshold":"number","connection_label":"string","connection_redundancy_required":"bool","enable_auto_generate_service_key":"bool","link_protocol_config":["set",["object",{"encapsulation":"string","encapsulation_strategy":"string","reuse_vlan_s_tag":"bool"}]],"supported_bandwidths":["list","number"],"type":"string","uuid":"string"}]],"account":["set",["object",{"account_name":"string","account_number":"number","global_cust_id":"string","global_org_id":"string","global_organization_name":"string","org_id":"number","organization_name":"string","ucm_id":"string"}]],"allowed_emails":["list","string"],"change_log":["set",["object",{"created_by":"string","created_by_email":"string","created_by_full_name":"string","created_date_time":"string","deleted_by":"string","deleted_by_email":"string","deleted_by_full_name":"string","deleted_date_time":"string","updated_by":"string","updated_by_email":"string","updated_by_full_name":"string","updated_date_time":"string"}]],"custom_fields":["list",["object",{"capture_in_email":"bool","data_type":"string","description":"string","label":"string","options":["list","string"],"required":"bool"}]],"description":"string","href":"string","marketing_info":["set",["object",{"logo":"string","process_step":["list",["object",{"description":"string","sub_title":"string","title":"string"}]],"promotion":"bool"}]],"metros":["list",["object",{"code":"string","display_name":"string","ibxs":["list","string"],"in_trail":"bool","name":"string","seller_regions":["map","string"]}]],"name":"string","notifications":["list",["object",{"emails":["list","string"],"send_interval":"string","type":"string"}]],"ports":["list",["object",{"cross_connect_id":"string","location":["set",["object",{"ibx":"string","metro_code":"string","metro_name":"string","region":"string"}]],"seller_region":"string","seller_region_description":"string","type":"string","uuid":"string"}]],"project":["set",["object",{"href":"string","project_id":"string"}]],"self_profile":"bool","state":"string","tags":["set","string"],"type":"string","uuid":"string","visibility":"string"}]],"description":"List of  Service Profiles","description_kind":"plain","computed":true},"id":{"type":"string","description_kind":"plain","optional":true,"computed":true}},"block_types":{"filter":{"nesting_mode":"set","block":{"attributes":{"operator":{"type":"string","description":"Possible operator to use on filters = - equal","description_kind":"plain","optional":true},"property":{"type":"string","description":"Search Criteria for Service Profile - /name, /uuid, /state, /metros/code, /visibility, /type","description_kind":"plain","optional":true},"values":{"type":["list","string"],"description":"Values","description_kind":"plain","optional":true}},"description":"Service Profile Search Filter","description_kind":"plain"}},"sort":{"nesting_mode":"list","block":{"attributes":{"direction":{"type":"string","description":"Priority type- DESC, ASC","description_kind":"plain","optional":true},"property":{"type":"string","description":"Search operation sort criteria /name /state /changeLog/createdDateTime /changeLog/updatedDateTime","description_kind":"plain","optional":true}},"description":"Service Profile Sort criteria for Search Request response payload","description_kind":"plain"}}},"description":"Fabric V4 API compatible data resource that allow user to fetch Service Profile by name filter criteria\n\n~\u003e **Note** Equinix Fabric v4 resources and datasources are currently in Beta. The interfaces related to `equinix_fabric_` resources and datasources may change ahead of general availability. Please, do not hesitate to report any problems that you experience by opening a new [issue](https://github.com/equinix/terraform-provider-equinix/issues/new?template=bug.md)","description_kind":"plain"}},"equinix_metal_connection":{"version":0,"block":{"attributes":{"connection_id":{"type":"string","description":"ID of the connection to lookup","description_kind":"plain","required":true},"description":{"type":"string","description":"Description of the connection resource","description_kind":"plain","computed":true},"facility":{"type":"string","description":"Facility which the connection is scoped to","description_kind":"plain","computed":true},"id":{"type":"string","description_kind":"plain","optional":true,"computed":true},"metro":{"type":"string","description":"Metro which the connection is scoped to","description_kind":"plain","computed":true},"mode":{"type":"string","description":"Connection mode - standard or tunnel","description_kind":"plain","computed":true},"name":{"type":"string","description":"Name of the connection resource","description_kind":"plain","computed":true},"organization_id":{"type":"string","description":"ID of organization to which the connection is scoped to","description_kind":"plain","computed":true},"ports":{"type":["list",["object",{"id":"string","link_status":"string","name":"string","role":"string","speed":"number","status":"string","virtual_circuit_ids":["list","string"]}]],"description":"List of connection ports - primary (`ports[0]`) and secondary (`ports[1]`)","description_kind":"plain","computed":true},"project_id":{"type":"string","description":"ID of project to which the connection belongs","description_kind":"plain","computed":true},"redundancy":{"type":"string","description":"Connection redundancy - redundant or primary","description_kind":"plain","computed":true},"service_token_type":{"type":"string","description":"Only used with shared connection. Type of service token to use for the connection, a_side or z_side.","description_kind":"plain","computed":true},"service_tokens":{"type":["list",["object",{"expires_at":"string","id":"string","max_allowed_speed":"string","role":"string","state":"string","type":"string"}]],"description":"Only used with shared connection. List of service tokens required to continue the setup process with [equinix_ecx_l2_connection](https://registry.terraform.io/providers/equinix/equinix/latest/docs/resources/equinix_ecx_l2_connection) or from the [Equinix Fabric Portal](https://ecxfabric.equinix.com/dashboard)","description_kind":"plain","computed":true},"speed":{"type":"string","description":"Port speed. Possible values are 50Mbps, 200Mbps, 500Mbps, 1Gbps, 2Gbps, 5Gbps, 10Gbps","description_kind":"plain","computed":true},"status":{"type":"string","description":"Status of the connection resource","description_kind":"plain","computed":true},"tags":{"type":["list","string"],"description":"Tags attached to the connection","description_kind":"plain","computed":true},"token":{"type":"string","description":"Only used with shared connection. Fabric Token required to continue the setup process with [equinix_ecx_l2_connection](https://registry.terraform.io/providers/equinix/equinix/latest/docs/resources/equinix_ecx_l2_connection) or from the [Equinix Fabric Portal](https://ecxfabric.equinix.com/dashboard)","description_kind":"plain","deprecated":true,"computed":true},"type":{"type":"string","description":"Connection type - dedicated or shared","description_kind":"plain","computed":true},"vlans":{"type":["list","number"],"description":"Attached vlans, only in shared connection.","description_kind":"plain","computed":true}},"description_kind":"plain"}},"equinix_metal_device":{"version":0,"block":{"attributes":{"access_private_ipv4":{"type":"string","description":"The ipv4 private IP assigned to the device","description_kind":"plain","computed":true},"access_public_ipv4":{"type":"string","description":"The ipv4 management IP assigned to the device","description_kind":"plain","computed":true},"access_public_ipv6":{"type":"string","description":"The ipv6 management IP assigned to the device","description_kind":"plain","computed":true},"always_pxe":{"type":"bool","description_kind":"plain","computed":true},"billing_cycle":{"type":"string","description":"The billing cycle of the device (monthly or hourly)","description_kind":"plain","computed":true},"description":{"type":"string","description":"Description string for the device","description_kind":"plain","computed":true},"device_id":{"type":"string","description":"Device ID","description_kind":"plain","optional":true,"computed":true},"facility":{"type":"string","description":"The facility where the device is deployed","description_kind":"plain","computed":true},"hardware_reservation_id":{"type":"string","description":"The id of hardware reservation which this device occupies","description_kind":"plain","computed":true},"hostname":{"type":"string","description":"The device name","description_kind":"plain","optional":true,"computed":true},"id":{"type":"string","description_kind":"plain","optional":true,"computed":true},"ipxe_script_url":{"type":"string","description_kind":"plain","computed":true},"metro":{"type":"string","description":"The metro where the device is deployed","description_kind":"plain","computed":true},"network":{"type":["list",["object",{"address":"string","cidr":"number","family":"number","gateway":"string","public":"bool"}]],"description":"The device's private and public IP (v4 and v6) network details. When a device is run without any special network configuration, it will have 3 networks: ublic IPv4 at equinix_metal_device.name.network.0, IPv6 at equinix_metal_device.name.network.1 and private IPv4 at equinix_metal_device.name.network.2. Elastic addresses then stack by type - an assigned public IPv4 will go after the management public IPv4 (to index 1), and will then shift the indices of the IPv6 and private IPv4. Assigned private IPv4 will go after the management private IPv4 (to the end of the network list).","description_kind":"plain","computed":true},"network_type":{"type":"string","description":"L2 network type of the device, one oflayer3, hybrid, layer2-individual, layer2-bonded","description_kind":"plain","computed":true},"operating_system":{"type":"string","description":"The operating system running on the device","description_kind":"plain","computed":true},"plan":{"type":"string","description":"The hardware config of the device","description_kind":"plain","computed":true},"ports":{"type":["list",["object",{"bonded":"bool","id":"string","mac":"string","name":"string","type":"string"}]],"description":"Ports assigned to the device","description_kind":"plain","computed":true},"project_id":{"type":"string","description":"The id of the project in which the devices exists","description_kind":"plain","optional":true,"computed":true},"root_password":{"type":"string","description":"Root password to the server (if still available)","description_kind":"plain","computed":true,"sensitive":true},"ssh_key_ids":{"type":["list","string"],"description":"List of IDs of SSH keys deployed in the device, can be both user or project SSH keys","description_kind":"plain","computed":true},"state":{"type":"string","description":"The state of the device","description_kind":"plain","computed":true},"storage":{"type":"string","description_kind":"plain","computed":true},"tags":{"type":["list","string"],"description":"Tags attached to the device","description_kind":"plain","computed":true}},"description_kind":"plain"}},"equinix_metal_device_bgp_neighbors":{"version":0,"block":{"attributes":{"bgp_neighbors":{"type":["list",["object",{"address_family":"number","customer_as":"number","customer_ip":"string","md5_enabled":"bool","md5_password":"string","multihop":"bool","peer_as":"number","peer_ips":["list","string"],"routes_in":["list",["object",{"exact":"bool","route":"string"}]],"routes_out":["list",["object",{"exact":"bool","route":"string"}]]}]],"description":"Array of BGP neighbor records","description_kind":"plain","computed":true},"device_id":{"type":"string","description":"UUID of BGP-enabled device whose neighbors to list","description_kind":"plain","required":true},"id":{"type":"string","description_kind":"plain","optional":true,"computed":true}},"description_kind":"plain"}},"equinix_metal_facility":{"version":0,"block":{"attributes":{"code":{"type":"string","description":"The code of the Facility to match","description_kind":"plain","required":true},"features":{"type":["list","string"],"description":"The features of this Facility.","description_kind":"plain","computed":true},"features_required":{"type":["set","string"],"description":"Features which the facility needs to have.","description_kind":"plain","optional":true},"id":{"type":"string","description_kind":"plain","optional":true,"computed":true},"metro":{"type":"string","description":"This facility's metro code.","description_kind":"plain","computed":true},"name":{"type":"string","description":"The name of this Facility.","description_kind":"plain","computed":true}},"block_types":{"capacity":{"nesting_mode":"list","block":{"attributes":{"plan":{"type":"string","description":"Plan which has to be available in selected location","description_kind":"plain","required":true},"quantity":{"type":"number","description_kind":"plain","optional":true}},"description":"Optional capacity specification","description_kind":"plain"}}},"description_kind":"plain"}},"equinix_metal_gateway":{"version":0,"block":{"attributes":{"gateway_id":{"type":"string","description":"UUID of the Metal Gateway to fetch","description_kind":"plain","required":true},"id":{"type":"string","description_kind":"plain","optional":true,"computed":true},"ip_reservation_id":{"type":"string","description":"UUID of the IP Reservation to associate, must be in the same metro as the VLAN","description_kind":"plain","computed":true},"private_ipv4_subnet_size":{"type":"number","description":"Size of the private IPv4 subnet to create for this gateway, one of [8 16 32 64 128]","description_kind":"plain","computed":true},"project_id":{"type":"string","description":"UUID of the Project where the Gateway is scoped to","description_kind":"plain","computed":true},"state":{"type":"string","description":"Status of the virtual circuit resource","description_kind":"plain","computed":true},"vlan_id":{"type":"string","description":"UUID of the VLAN to associate","description_kind":"plain","computed":true},"vrf_id":{"type":"string","description":"UUID of the VRF associated with the IP Reservation","description_kind":"plain","computed":true}},"description_kind":"plain"}},"equinix_metal_hardware_reservation":{"version":0,"block":{"attributes":{"device_id":{"type":"string","description":"UUID of device occupying the reservation","description_kind":"plain","optional":true,"computed":true},"facility":{"type":"string","description":"Plan type for the reservation","description_kind":"plain","computed":true},"id":{"type":"string","description":"ID of the hardware reservation to look up","description_kind":"plain","optional":true,"computed":true},"plan":{"type":"string","description":"Plan type for the reservation","description_kind":"plain","computed":true},"project_id":{"type":"string","description":"UUID of project this reservation is scoped to","description_kind":"plain","computed":true},"provisionable":{"type":"bool","description":"Flag indicating whether the reserved server is provisionable or not. Spare devices can't be provisioned unless they are activated first","description_kind":"plain","computed":true},"short_id":{"type":"string","description":"Reservation short ID","description_kind":"plain","computed":true},"spare":{"type":"bool","description":"Flag indicating whether the Hardware Reservation is a spare. Spare Hardware Reservations are used when a Hardware Reservations requires service from Metal Equinix","description_kind":"plain","computed":true},"switch_uuid":{"type":"string","description":"Switch short ID, can be used to determine if two devices are connected to the same switch","description_kind":"plain","computed":true}},"description_kind":"plain"}},"equinix_metal_ip_block_ranges":{"version":0,"block":{"attributes":{"facility":{"type":"string","description":"Facility code filtering the IP blocks. Global IPv4 blocks will be listed anyway. If you omit this and metro, all the block from the project will be listed","description_kind":"plain","optional":true},"global_ipv4":{"type":["list","string"],"description":"List of CIDR expressions for Global IPv4 blocks in the project","description_kind":"plain","computed":true},"id":{"type":"string","description_kind":"plain","optional":true,"computed":true},"ipv6":{"type":["list","string"],"description":"List of CIDR expressions for IPv6 blocks in the project","description_kind":"plain","computed":true},"metro":{"type":"string","description":"Metro code filtering the IP blocks. Global IPv4 blocks will be listed anyway. If you omit this and facility, all the block from the project will be listed","description_kind":"plain","optional":true},"private_ipv4":{"type":["list","string"],"description":"List of CIDR expressions for Private IPv4 blocks in the project","description_kind":"plain","computed":true},"project_id":{"type":"string","description":"ID of the project from which to list the blocks","description_kind":"plain","required":true},"public_ipv4":{"type":["list","string"],"description":"List of CIDR expressions for Public IPv4 blocks in the project","description_kind":"plain","computed":true}},"description_kind":"plain"}},"equinix_metal_metro":{"version":0,"block":{"attributes":{"code":{"type":"string","description":"The code of the Metro to match","description_kind":"plain","required":true},"country":{"type":"string","description":"The country of this Metro.","description_kind":"plain","computed":true},"id":{"type":"string","description":"The ID of this Metro.","description_kind":"plain","computed":true},"name":{"type":"string","description":"The name of this Metro.","description_kind":"plain","computed":true}},"block_types":{"capacity":{"nesting_mode":"list","block":{"attributes":{"plan":{"type":"string","description":"Plan which has to be available in selected location","description_kind":"plain","required":true},"quantity":{"type":"number","description_kind":"plain","optional":true}},"description":"Optional capacity specification","description_kind":"plain"}}},"description_kind":"plain"}},"equinix_metal_operating_system":{"version":0,"block":{"attributes":{"distro":{"type":"string","description":"Name of the OS distribution","description_kind":"plain","optional":true},"id":{"type":"string","description_kind":"plain","optional":true,"computed":true},"name":{"type":"string","description":"Name or part of the name of the distribution. Case insensitive","description_kind":"plain","optional":true},"provisionable_on":{"type":"string","description":"Plan name","description_kind":"plain","optional":true},"slug":{"type":"string","description":"Operating system slug (same as id)","description_kind":"plain","computed":true},"version":{"type":"string","description":"Version of the distribution","description_kind":"plain","optional":true}},"description_kind":"plain"}},"equinix_metal_organization":{"version":0,"block":{"attributes":{"address":{"type":["list",["object",{"address":"string","city":"string","country":"string","state":"string","zip_code":"string"}]],"description":"Business' address","description_kind":"plain","computed":true},"description":{"type":"string","description":"Description string","description_kind":"plain","computed":true},"id":{"type":"string","description_kind":"plain","optional":true,"computed":true},"logo":{"type":"string","description":"Logo URL","description_kind":"plain","computed":true},"name":{"type":"string","description":"The organization name","description_kind":"plain","optional":true,"computed":true},"organization_id":{"type":"string","description":"The UUID of the organization resource","description_kind":"plain","optional":true,"computed":true},"project_ids":{"type":["list","string"],"description":"UUIDs of project resources which belong to this organization","description_kind":"plain","computed":true},"twitter":{"type":"string","description":"Twitter handle","description_kind":"plain","computed":true},"website":{"type":"string","description":"Website link","description_kind":"plain","computed":true}},"description_kind":"plain"}},"equinix_metal_plans":{"version":0,"block":{"attributes":{"id":{"type":"string","description_kind":"plain","optional":true,"computed":true},"plans":{"type":["list",["object",{"available_in":["set","string"],"available_in_metros":["set","string"],"class":"string","deployment_types":["set","string"],"description":"string","id":"string","legacy":"bool","line":"string","name":"string","pricing_hour":"number","pricing_month":"number","slug":"string"}]],"description":"Sorted list of available server plans that match the specified filters","description_kind":"plain","computed":true}},"block_types":{"filter":{"nesting_mode":"set","block":{"attributes":{"all":{"type":"bool","description":"If is set to true, the values are joined with an AND, and the requests returns only the results that match all specified values","description_kind":"plain","optional":true},"attribute":{"type":"string","description":"The attribute used to filter. Filter attributes are case-sensitive","description_kind":"plain","required":true},"match_by":{"type":"string","description":"The type of comparison to apply. One of: in (default), re, substring, less_than, less_than_or_equal, greater_than, greater_than_or_equal","description_kind":"plain","optional":true},"values":{"type":["list","string"],"description":"The filter values. Filter values are case-sensitive. If you specify multiple values for a filter, the values are joined with an OR by default, and the request returns all results that match any of the specified values","description_kind":"plain","required":true}},"description":"One or more attribute/values pairs on which to filter results","description_kind":"plain"}},"sort":{"nesting_mode":"list","block":{"attributes":{"attribute":{"type":"string","description":"The attribute used to sort the results. Sort attributes are case-sensitive","description_kind":"plain","required":true},"direction":{"type":"string","description":"Sort results in ascending or descending order. Strings are sorted in alphabetical order. One of: asc, desc","description_kind":"plain","optional":true}},"description":"One or more attribute/direction pairs on which to sort results. If multiple sorts are provided, they will be applied in order","description_kind":"plain"}}},"description_kind":"plain"}},"equinix_metal_port":{"version":0,"block":{"attributes":{"bond_id":{"type":"string","description":"UUID of the bond port","description_kind":"plain","computed":true},"bond_name":{"type":"string","description":"Name of the bond port","description_kind":"plain","computed":true},"bonded":{"type":"bool","description":"Flag indicating whether the port is bonded","description_kind":"plain","computed":true},"device_id":{"type":"string","description":"Device UUID where to lookup the port","description_kind":"plain","optional":true},"disbond_supported":{"type":"bool","description":"Flag indicating whether the port can be removed from a bond","description_kind":"plain","computed":true},"id":{"type":"string","description_kind":"plain","optional":true,"computed":true},"layer2":{"type":"bool","description":"Flag indicating whether the port is in layer2 (or layer3) mode","description_kind":"plain","computed":true},"mac":{"type":"string","description":"MAC address of the port","description_kind":"plain","computed":true},"name":{"type":"string","description":"Name of the port to look up, e.g. bond0, eth1","description_kind":"plain","optional":true,"computed":true},"native_vlan_id":{"type":"string","description":"UUID of native VLAN of the port","description_kind":"plain","computed":true},"network_type":{"type":"string","description":"One of layer3, hybrid, hybrid-bonded, layer2-individual, layer2-bonded","description_kind":"plain","computed":true},"port_id":{"type":"string","description":"UUID of the port to lookup","description_kind":"plain","optional":true},"type":{"type":"string","description":"Port type","description_kind":"plain","computed":true},"vlan_ids":{"type":["list","string"],"description":"UUIDs of attached VLANs","description_kind":"plain","computed":true},"vxlan_ids":{"type":["list","number"],"description":"UUIDs of attached VLANs","description_kind":"plain","computed":true}},"description_kind":"plain"}},"equinix_metal_precreated_ip_block":{"version":0,"block":{"attributes":{"address":{"type":"string","description_kind":"plain","computed":true},"address_family":{"type":"number","description":"4 or 6, depending on which block you are looking for.","description_kind":"plain","required":true},"cidr":{"type":"number","description":"Length of CIDR prefix of the block as integer","description_kind":"plain","computed":true},"cidr_notation":{"type":"string","description":"CIDR notation of the looked up block.","description_kind":"plain","computed":true},"facility":{"type":"string","description":"Facility of the searched block. (for non-global blocks).","description_kind":"plain","optional":true},"gateway":{"type":"string","description_kind":"plain","computed":true},"global":{"type":"bool","description":"Whether to look for global block. Default is false for backward compatibility.","description_kind":"plain","optional":true},"id":{"type":"string","description_kind":"plain","optional":true,"computed":true},"manageable":{"type":"bool","description_kind":"plain","computed":true},"management":{"type":"bool","description_kind":"plain","computed":true},"metro":{"type":"string","description":"Metro of the searched block (for non-global blocks).","description_kind":"plain","optional":true},"netmask":{"type":"string","description":"Mask in decimal notation, e.g. 255.255.255.0","description_kind":"plain","computed":true},"network":{"type":"string","description":"Network IP address portion of the block specification","description_kind":"plain","computed":true},"project_id":{"type":"string","description":"ID of the project where the searched block should be.","description_kind":"plain","required":true},"public":{"type":"bool","description":"Whether to look for public or private block.","description_kind":"plain","required":true},"quantity":{"type":"number","description_kind":"plain","computed":true},"type":{"type":"string","description_kind":"plain","computed":true},"vrf_id":{"type":"string","description_kind":"plain","computed":true}},"description_kind":"plain"}},"equinix_metal_project":{"version":0,"block":{"attributes":{"backend_transfer":{"type":"bool","description":"Whether Backend Transfer is enabled for this project","description_kind":"plain","computed":true},"bgp_config":{"type":["list",["object",{"asn":"number","deployment_type":"string","max_prefix":"number","md5":"string","status":"string"}]],"description":"Optional BGP settings. Refer to [Equinix Metal guide for BGP](https://metal.equinix.com/developers/docs/networking/local-global-bgp/)","description_kind":"plain","computed":true},"created":{"type":"string","description":"The timestamp for when the project was created","description_kind":"plain","computed":true},"id":{"type":"string","description_kind":"plain","optional":true,"computed":true},"name":{"type":"string","description":"The name which is used to look up the project","description_kind":"plain","optional":true,"computed":true},"organization_id":{"type":"string","description":"The UUID of this project's parent organization","description_kind":"plain","computed":true},"payment_method_id":{"type":"string","description":"The UUID of payment method for this project","description_kind":"plain","computed":true},"project_id":{"type":"string","description":"The UUID by which to look up the project","description_kind":"plain","optional":true,"computed":true},"updated":{"type":"string","description":"The timestamp for the last time the project was updated","description_kind":"plain","computed":true},"user_ids":{"type":["list","string"],"description":"List of UUIDs of user accounts which belong to this project","description_kind":"plain","computed":true}},"description_kind":"plain"}},"equinix_metal_project_ssh_key":{"version":0,"block":{"attributes":{"created":{"type":"string","description_kind":"plain","computed":true},"fingerprint":{"type":"string","description_kind":"plain","computed":true},"id":{"type":"string","description":"The id of the SSH Key","description_kind":"plain","optional":true,"computed":true},"name":{"type":"string","description":"The label of the Equinix Metal SSH Key","description_kind":"plain","computed":true},"owner_id":{"type":"string","description_kind":"plain","computed":true},"project_id":{"type":"string","description":"The Equinix Metal project id of the Equinix Metal SSH Key","description_kind":"plain","required":true},"public_key":{"type":"string","description":"The public SSH key that will be authorized for SSH access on Equinix Metal devices provisioned with this key","description_kind":"plain","computed":true},"search":{"type":"string","description":"The name, fingerprint, id, or public_key of the SSH Key to search for in the Equinix Metal project","description_kind":"plain","optional":true},"updated":{"type":"string","description_kind":"plain","computed":true}},"description_kind":"plain"}},"equinix_metal_reserved_ip_block":{"version":0,"block":{"attributes":{"address":{"type":"string","description_kind":"plain","computed":true},"address_family":{"type":"number","description":"4 or 6","description_kind":"plain","computed":true},"cidr":{"type":"number","description":"Length of CIDR prefix of the block as integer","description_kind":"plain","computed":true},"cidr_notation":{"type":"string","description":"CIDR notation of the looked up block","description_kind":"plain","computed":true},"facility":{"type":"string","description":"Facility of the block. (for non-global blocks)","description_kind":"plain","computed":true},"gateway":{"type":"string","description":"IP address of gateway for the block","description_kind":"plain","computed":true},"global":{"type":"bool","description":"Addresses from block are attachable in all locations","description_kind":"plain","computed":true},"id":{"type":"string","description":"ID of the block to look up","description_kind":"plain","optional":true,"computed":true},"ip_address":{"type":"string","description":"Find block containing this IP address in given project","description_kind":"plain","optional":true},"manageable":{"type":"bool","description_kind":"plain","computed":true},"management":{"type":"bool","description_kind":"plain","computed":true},"metro":{"type":"string","description":"Metro of the block (for non-global blocks)","description_kind":"plain","computed":true},"netmask":{"type":"string","description":"Mask in decimal notation, e.g. 255.255.255.0","description_kind":"plain","computed":true},"network":{"type":"string","description":"Network IP address portion of the block specification","description_kind":"plain","computed":true},"project_id":{"type":"string","description":"ID of the project where the searched block should be","description_kind":"plain","optional":true,"computed":true},"public":{"type":"bool","description":"Addresses from public block are routeable from the Internet","description_kind":"plain","computed":true},"quantity":{"type":"number","description_kind":"plain","computed":true},"type":{"type":"string","description":"Address type, one of public_ipv4, public_ipv6, private_ipv4, global_ipv4, and vrf","description_kind":"plain","computed":true},"vrf_id":{"type":"number","description":"VRF ID of the block when type=vrf","description_kind":"plain","computed":true}},"description_kind":"plain"}},"equinix_metal_spot_market_price":{"version":0,"block":{"attributes":{"facility":{"type":"string","description":"Name of the facility","description_kind":"plain","optional":true},"id":{"type":"string","description_kind":"plain","optional":true,"computed":true},"metro":{"type":"string","description":"Name of the metro","description_kind":"plain","optional":true},"plan":{"type":"string","description":"Name of the plan","description_kind":"plain","required":true},"price":{"type":"number","description":"Current spot market price for given plan in given facility","description_kind":"plain","computed":true}},"description_kind":"plain"}},"equinix_metal_spot_market_request":{"version":0,"block":{"attributes":{"device_ids":{"type":["list","string"],"description":"List of IDs of devices spawned by the referenced Spot Market Request","description_kind":"plain","computed":true},"devices_max":{"type":"number","description":"Maximum number devices to be created","description_kind":"plain","computed":true},"devices_min":{"type":"number","description":"Miniumum number devices to be created","description_kind":"plain","computed":true},"end_at":{"type":"string","description":"Date and time When the spot market request will be ended.","description_kind":"plain","computed":true},"facilities":{"type":["list","string"],"description":"Facility IDs where devices should be created","description_kind":"plain","computed":true},"id":{"type":"string","description_kind":"plain","optional":true,"computed":true},"max_bid_price":{"type":"number","description":"Maximum price user is willing to pay per hour per device","description_kind":"plain","computed":true},"metro":{"type":"string","description":"Metro where devices should be created.","description_kind":"plain","computed":true},"plan":{"type":"string","description":"The device plan slug.","description_kind":"plain","computed":true},"project_id":{"type":"string","description":"Project ID","description_kind":"plain","computed":true},"request_id":{"type":"string","description":"The id of the Spot Market Request","description_kind":"plain","required":true}},"block_types":{"timeouts":{"nesting_mode":"single","block":{"attributes":{"create":{"type":"string","description_kind":"plain","optional":true},"default":{"type":"string","description_kind":"plain","optional":true},"delete":{"type":"string","description_kind":"plain","optional":true},"update":{"type":"string","description_kind":"plain","optional":true}},"description_kind":"plain"}}},"description_kind":"plain"}},"equinix_metal_virtual_circuit":{"version":0,"block":{"attributes":{"connection_id":{"type":"string","description":"UUID of Connection where the VC is scoped to","description_kind":"plain","computed":true},"customer_ip":{"type":"string","description":"The Customer IP address which the CSR switch will peer with. Will default to the other usable IP in the subnet.","description_kind":"plain","computed":true},"description":{"type":"string","description":"Description of the virtual circuit","description_kind":"plain","computed":true},"id":{"type":"string","description_kind":"plain","optional":true,"computed":true},"md5":{"type":"string","description":"The password that can be set for the VRF BGP peer","description_kind":"plain","computed":true,"sensitive":true},"metal_ip":{"type":"string","description":"The Metal IP address for the SVI (Switch Virtual Interface) of the VirtualCircuit. Will default to the first usable IP in the subnet.","description_kind":"plain","computed":true},"name":{"type":"string","description":"Name of the virtual circuit","description_kind":"plain","computed":true},"nni_vlan":{"type":"number","description":"Nni VLAN parameter, see https://metal.equinix.com/developers/docs/networking/fabric/","description_kind":"plain","computed":true},"nni_vnid":{"type":"number","description":"Nni VLAN ID parameter, see https://metal.equinix.com/developers/docs/networking/fabric/","description_kind":"plain","computed":true},"peer_asn":{"type":"number","description":"The BGP ASN of the peer. The same ASN may be the used across several VCs, but it cannot be the same as the local_asn of the VRF.","description_kind":"plain","computed":true},"port_id":{"type":"string","description":"UUID of the Connection Port where the VC is scoped to","description_kind":"plain","computed":true},"project_id":{"type":"string","description":"ID of the projct to which the virtual circuit belongs","description_kind":"plain","computed":true},"speed":{"type":"string","description":"Description of the Virtual Circuit speed. This is for information purposes and is computed when the connection type is shared.","description_kind":"plain","computed":true},"status":{"type":"string","description":"Status of the virtual circuit","description_kind":"plain","computed":true},"subnet":{"type":"string","description":"A subnet from one of the IP blocks associated with the VRF that we will help create an IP reservation for. Can only be either a /30 or /31.\n\t\t\t\t * For a /31 block, it will only have two IP addresses, which will be used for the metal_ip and customer_ip.\n\t\t\t\t * For a /30 block, it will have four IP addresses, but the first and last IP addresses are not usable. We will default to the first usable IP address for the metal_ip.","description_kind":"plain","computed":true},"tags":{"type":["list","string"],"description":"Tags attached to the virtual circuit","description_kind":"plain","computed":true},"virtual_circuit_id":{"type":"string","description":"ID of the virtual circuit to lookup","description_kind":"plain","required":true},"vlan_id":{"type":"string","description":"UUID of the associated VLAN","description_kind":"plain","computed":true},"vnid":{"type":"number","description":"VNID VLAN parameter, see https://metal.equinix.com/developers/docs/networking/fabric/","description_kind":"plain","computed":true},"vrf_id":{"type":"string","description":"UUID of the associated VRF","description_kind":"plain","computed":true}},"description_kind":"plain"}},"equinix_metal_vlan":{"version":0,"block":{"attributes":{"assigned_devices_ids":{"type":["list","string"],"description":"List of device IDs to which this VLAN is assigned","description_kind":"plain","computed":true},"description":{"type":"string","description":"VLAN description text","description_kind":"plain","computed":true},"facility":{"type":"string","description":"Facility where the VLAN is deployed","description_kind":"plain","optional":true,"computed":true},"id":{"type":"string","description_kind":"plain","optional":true,"computed":true},"metro":{"type":"string","description":"Metro where the VLAN is deployed","description_kind":"plain","optional":true,"computed":true},"project_id":{"type":"string","description":"ID of parent project of the VLAN. Use together with vxlan and metro or facility","description_kind":"plain","optional":true,"computed":true},"vlan_id":{"type":"string","description":"Metal UUID of the VLAN resource","description_kind":"plain","optional":true,"computed":true},"vxlan":{"type":"number","description":"VXLAN numner of the VLAN. Unique in a project and facility or metro. Use with project_id","description_kind":"plain","optional":true,"computed":true}},"description_kind":"plain"}},"equinix_metal_vrf":{"version":0,"block":{"attributes":{"description":{"type":"string","description":"Description of the VRF","description_kind":"plain","computed":true},"id":{"type":"string","description_kind":"plain","optional":true,"computed":true},"ip_ranges":{"type":["set","string"],"description":"All IPv4 and IPv6 Ranges that will be available to BGP Peers. IPv4 addresses must be /8 or smaller with a minimum size of /29. IPv6 must be /56 or smaller with a minimum size of /64. Ranges must not overlap other ranges within the VRF.","description_kind":"plain","computed":true},"local_asn":{"type":"number","description":"The 4-byte ASN set on the VRF.","description_kind":"plain","computed":true},"metro":{"type":"string","description":"Metro Code","description_kind":"plain","computed":true},"name":{"type":"string","description":"User-supplied name of the VRF, unique to the project","description_kind":"plain","computed":true},"project_id":{"type":"string","description":"Project ID","description_kind":"plain","computed":true},"vrf_id":{"type":"string","description":"ID of the VRF to lookup","description_kind":"plain","required":true}},"description_kind":"plain"}},"equinix_network_account":{"version":0,"block":{"attributes":{"id":{"type":"string","description_kind":"plain","optional":true,"computed":true},"metro_code":{"type":"string","description":"Account location metro cod","description_kind":"plain","required":true},"name":{"type":"string","description":"Account name for filtering","description_kind":"plain","optional":true,"computed":true},"number":{"type":"string","description":"Account unique number","description_kind":"plain","computed":true},"status":{"type":"string","description":"Account status for filtering. Possible values are Active, Processing, Submitted, Staged","description_kind":"plain","optional":true,"computed":true},"ucm_id":{"type":"string","description":"Account unique identifier","description_kind":"plain","computed":true}},"description":"Use this data source to get number and identifier of Equinix Network Edge billing account in a given metro location","description_kind":"plain"}},"equinix_network_device":{"version":0,"block":{"attributes":{"account_number":{"type":"string","description":"Device billing account number","description_kind":"plain","computed":true},"acl_template_id":{"type":"string","description":"Unique identifier of applied ACL template","description_kind":"plain","computed":true},"additional_bandwidth":{"type":"number","description":"Additional Internet bandwidth, in Mbps, that will be allocated to the device","description_kind":"plain","computed":true},"asn":{"type":"number","description":"Autonomous system number","description_kind":"plain","computed":true},"byol":{"type":"bool","description":"Boolean value that determines device licensing mode: bring your own license or subscription (default)","description_kind":"plain","computed":true},"cluster_details":{"type":["list",["object",{"cluster_id":"string","cluster_name":"string","node0":["list",["object",{"license_file_id":"string","license_token":"string","name":"string","uuid":"string","vendor_configuration":["list",["object",{"activation_key":"string","admin_password":"string","controller1":"string","controller_fqdn":"string","hostname":"string","root_password":"string"}]]}]],"node1":["list",["object",{"license_file_id":"string","license_token":"string","name":"string","uuid":"string","vendor_configuration":["list",["object",{"activation_key":"string","admin_password":"string","controller1":"string","controller_fqdn":"string","hostname":"string","root_password":"string"}]]}]],"num_of_nodes":"number"}]],"description":"An object that has the cluster details","description_kind":"plain","computed":true},"core_count":{"type":"number","description":"Number of CPU cores used by device","description_kind":"plain","computed":true},"hostname":{"type":"string","description":"Device hostname prefix","description_kind":"plain","computed":true},"ibx":{"type":"string","description":"Device location Equinix Business Exchange name","description_kind":"plain","computed":true},"id":{"type":"string","description_kind":"plain","optional":true,"computed":true},"interface":{"type":["list",["object",{"assigned_type":"string","id":"number","ip_address":"string","mac_address":"string","name":"string","operational_status":"string","status":"string","type":"string"}]],"description":"List of device interfaces","description_kind":"plain","computed":true},"interface_count":{"type":"number","description":"Number of network interfaces on a device. If not specified, default number for a given device type will be used","description_kind":"plain","computed":true},"license_file":{"type":"string","description":"Path to the license file that will be uploaded and applied on a device, applicable for some device types in BYOL licensing mode","description_kind":"plain","computed":true},"license_file_id":{"type":"string","description":"Unique identifier of applied license file","description_kind":"plain","computed":true},"license_status":{"type":"string","description":"Device license registration status","description_kind":"plain","computed":true},"license_token":{"type":"string","description":"License Token applicable for some device types in BYOL licensing mode","description_kind":"plain","computed":true},"metro_code":{"type":"string","description":"Device location metro code","description_kind":"plain","computed":true},"mgmt_acl_template_uuid":{"type":"string","description":"Unique identifier of applied MGMT ACL template","description_kind":"plain","computed":true},"name":{"type":"string","description":"Device name","description_kind":"plain","optional":true,"computed":true},"notifications":{"type":["set","string"],"description":"List of email addresses that will receive device status notifications","description_kind":"plain","computed":true},"order_reference":{"type":"string","description":"Name/number used to identify device order on the invoice","description_kind":"plain","computed":true},"package_code":{"type":"string","description":"Device software package code","description_kind":"plain","computed":true},"purchase_order_number":{"type":"string","description":"Purchase order number associated with a device order","description_kind":"plain","computed":true},"redundancy_type":{"type":"string","description":"Device redundancy type applicable for HA devices, either primary or secondary","description_kind":"plain","computed":true},"redundant_id":{"type":"string","description":"Unique identifier for a redundant device, applicable for HA device","description_kind":"plain","computed":true},"region":{"type":"string","description":"Device location region","description_kind":"plain","computed":true},"secondary_device":{"type":["list",["object",{"account_number":"string","acl_template_id":"string","additional_bandwidth":"number","asn":"number","hostname":"string","ibx":"string","interface":["list",["object",{"assigned_type":"string","id":"number","ip_address":"string","mac_address":"string","name":"string","operational_status":"string","status":"string","type":"string"}]],"license_file":"string","license_file_id":"string","license_status":"string","license_token":"string","metro_code":"string","mgmt_acl_template_uuid":"string","name":"string","notifications":["set","string"],"redundancy_type":"string","redundant_id":"string","region":"string","ssh_ip_address":"string","ssh_ip_fqdn":"string","ssh_key":["set",["object",{"key_name":"string","username":"string"}]],"status":"string","uuid":"string","vendor_configuration":["map","string"],"wan_interface_id":"string","zone_code":"string"}]],"description":"Definition of secondary device applicable for HA setup","description_kind":"plain","computed":true},"self_managed":{"type":"bool","description":"Boolean value that determines device management mode: self-managed or subscription (default)","description_kind":"plain","computed":true},"ssh_ip_address":{"type":"string","description":"IP address of SSH enabled interface on the device","description_kind":"plain","computed":true},"ssh_ip_fqdn":{"type":"string","description":"FQDN of SSH enabled interface on the device","description_kind":"plain","computed":true},"ssh_key":{"type":["set",["object",{"key_name":"string","username":"string"}]],"description":"Definition of SSH key that will be provisioned on a device","description_kind":"plain","computed":true},"status":{"type":"string","description":"Device provisioning status","description_kind":"plain","computed":true},"term_length":{"type":"number","description":"Device term length","description_kind":"plain","computed":true},"throughput":{"type":"number","description":"Device license throughput","description_kind":"plain","computed":true},"throughput_unit":{"type":"string","description":"Device license throughput unit (Mbps or Gbps)","description_kind":"plain","computed":true},"type_code":{"type":"string","description":"Device type code","description_kind":"plain","computed":true},"uuid":{"type":"string","description":"Device unique identifier","description_kind":"plain","optional":true,"computed":true},"valid_status_list":{"type":"string","description":"Comma Separated List of states to be considered valid when searching by name","description_kind":"plain","optional":true},"vendor_configuration":{"type":["map","string"],"description":"Map of vendor specific configuration parameters for a device (controller1, activationKey, managementType, siteId, systemIpAddress)","description_kind":"plain","computed":true},"version":{"type":"string","description":"Device software software version","description_kind":"plain","computed":true},"wan_interface_id":{"type":"string","description":"device interface id picked for WAN","description_kind":"plain","computed":true},"zone_code":{"type":"string","description":"Device location zone code","description_kind":"plain","computed":true}},"description":"Use this data source to get details of Equinix Network Edge network device with a given Name or UUID","description_kind":"plain"}},"equinix_network_device_platform":{"version":0,"block":{"attributes":{"core_count":{"type":"number","description":"Number of CPU cores used to limit platform search results","description_kind":"plain","optional":true,"computed":true},"device_type":{"type":"string","description":"Device type code","description_kind":"plain","required":true},"flavor":{"type":"string","description":"Device platform flavor that determines number of CPU cores and memory. Supported values: small, medium, large, xlarge","description_kind":"plain","optional":true,"computed":true},"id":{"type":"string","description_kind":"plain","optional":true,"computed":true},"license_options":{"type":["set","string"],"description":"List of device licensing options to limit platform search result. Supported values: BYOL (Bring Your Own License), Sub (license subscription)","description_kind":"plain","optional":true,"computed":true},"management_types":{"type":["set","string"],"description":"List of device management types to limit platform search results. Supported values: EQUINIX-CONFIGURED, SELF-CONFIGURED","description_kind":"plain","optional":true,"computed":true},"memory":{"type":"number","description":"The amount of memory provided by device platform","description_kind":"plain","computed":true},"memory_unit":{"type":"string","description":"Unit of memory provider by device platform","description_kind":"plain","computed":true},"packages":{"type":["set","string"],"description":"List of software package codes to limit platform search results","description_kind":"plain","optional":true,"computed":true}},"description":"Use this data source to get Equinix Network Edge device platform configuration details for a given device type","description_kind":"plain"}},"equinix_network_device_software":{"version":0,"block":{"attributes":{"date":{"type":"string","description":"Version release date","description_kind":"plain","computed":true},"device_type":{"type":"string","description":"Code of a device type","description_kind":"plain","required":true},"id":{"type":"string","description_kind":"plain","optional":true,"computed":true},"image_name":{"type":"string","description":"Software image name","description_kind":"plain","computed":true},"most_recent":{"type":"bool","description":"Boolean value to indicate that most recent version should be used, in case when more than one result is returned","description_kind":"plain","optional":true},"packages":{"type":["set","string"],"description":"Limits returned versions to those that are supported by given software package codes","description_kind":"plain","optional":true,"computed":true},"release_notes_link":{"type":"string","description":"Link to version release notes","description_kind":"plain","computed":true},"stable":{"type":"bool","description":"Boolean value to limit query results to stable versions only","description_kind":"plain","optional":true,"computed":true},"status":{"type":"string","description":"Version status","description_kind":"plain","computed":true},"version":{"type":"string","description":"Software version","description_kind":"plain","computed":true},"version_regex":{"type":"string","description":"A regex string to apply on returned versions and filter search results","description_kind":"plain","optional":true}},"description":"Use this data source to get Equinix Network Edge device software details for a given device type.","description_kind":"plain"}},"equinix_network_device_type":{"version":0,"block":{"attributes":{"category":{"type":"string","description":"Device type category, one of: Router, Firewall, SDWAN","description_kind":"plain","optional":true,"computed":true},"code":{"type":"string","description":"Device type short code, unique identifier of a network device type","description_kind":"plain","computed":true},"description":{"type":"string","description":"Device type textual description","description_kind":"plain","computed":true},"id":{"type":"string","description_kind":"plain","optional":true,"computed":true},"metro_codes":{"type":["set","string"],"description":"List of metro codes where device type has to be available","description_kind":"plain","optional":true,"computed":true},"name":{"type":"string","description":"Device type name","description_kind":"plain","optional":true,"computed":true},"vendor":{"type":"string","description":"Device type vendor i.e. Cisco, Juniper Networks, VERSA Networks","description_kind":"plain","optional":true,"computed":true}},"description":"Use this data source to get Equinix Network Edge device type details","description_kind":"plain"}}}}}}
